{"classes":{},"objectVersion":"46","archiveVersion":"1","objects":{"D6ECFFFF241A8378004225E8":{"path":"BPKHorizontalNavigationOptionWithBackground.h","isa":"PBXFileReference","lastKnownFileType":"sourcecode.c.h","sourceTree":"<group>"},"60AF37C925E54B1000825050":{"isa":"PBXBuildFile","fileRef":"60AF37C825E54B1000825050"},"7F1C7617095FBE509B1D5D95":{"path":"Pods\/Target Support Files\/Pods-Backpack_Tests\/Pods-Backpack_Tests.release.xcconfig","isa":"PBXFileReference","includeInIndex":"1","name":"Pods-Backpack_Tests.release.xcconfig","lastKnownFileType":"text.xcconfig","sourceTree":"<group>"},"D6D81D44213FEE800013BB96":{"isa":"PBXContainerItemProxy","containerPortal":"6003F582195388D10070C39A","remoteGlobalIDString":"6003F589195388D20070C39A","remoteInfo":"Backpack","proxyType":"1"},"D6517B4B216DF63700D85FF9":{"isa":"PBXBuildFile","fileRef":"D6517B4A216DF63700D85FF9"},"6003F5AB195388D20070C39A":{"isa":"PBXFrameworksBuildPhase","buildActionMask":"2147483647","files":["6003F5B0195388D20070C39A","6003F5B2195388D20070C39A","6003F5B1195388D20070C39A","BB36C7EE82AEA4457426F7DE","A15061AA3F67A79468DBC7A2"],"runOnlyForDeploymentPostprocessing":"0"},"7639E566232909C7004D7B09":{"path":"ToastViewController.swift","isa":"PBXFileReference","lastKnownFileType":"sourcecode.swift","sourceTree":"<group>"},"6055821821523FAD00BF9F3E":{"path":"IconsPreviewCollectionViewCell.swift","isa":"PBXFileReference","lastKnownFileType":"sourcecode.swift","sourceTree":"<group>"},"D2A350BA2214435A00DEA01F":{"isa":"PBXBuildFile","fileRef":"D2A350B92214435A00DEA01F"},"D6CD7F0621BEC8570030FAD7":{"isa":"PBXBuildFile","fileRef":"D6CD7F0521BEC8570030FAD7"},"D297B8F323B90379008D094A":{"path":"Backpack Screenshot.xctest","isa":"PBXFileReference","includeInIndex":"0","explicitFileType":"wrapper.cfbundle","sourceTree":"BUILT_PRODUCTS_DIR"},"D257C768236AE3FB006683F5":{"path":"TextFieldUITest.swift","isa":"PBXFileReference","lastKnownFileType":"sourcecode.swift","sourceTree":"<group>","fileEncoding":"4"},"D649E8ED212F0B6500B25A9E":{"path":"Localizable.strings","isa":"PBXFileReference","lastKnownFileType":"text.plist.strings","sourceTree":"<group>"},"D6D81D56213FEE800013BB96":{"isa":"PBXBuildFile","fileRef":"6003F58D195388D20070C39A"},"6003F5AF195388D20070C39A":{"path":"Library\/Frameworks\/XCTest.framework","isa":"PBXFileReference","name":"XCTest.framework","lastKnownFileType":"wrapper.framework","sourceTree":"DEVELOPER_DIR"},"6003F5BD195388D20070C39A":{"isa":"XCBuildConfiguration","buildSettings":{"CLANG_WARN_SUSPICIOUS_MOVE":"YES","GCC_WARN_UNDECLARED_SELECTOR":"YES","CLANG_ENABLE_OBJC_ARC":"YES","CLANG_WARN_DIRECT_OBJC_ISA_USAGE":"YES_ERROR","CLANG_WARN_OBJC_IMPLICIT_RETAIN_SELF":"YES","CLANG_WARN__DUPLICATE_METHOD_MATCH":"YES","CLANG_WARN_INFINITE_RECURSION":"YES","CODE_SIGN_IDENTITY[sdk=iphoneos*]":"iPhone Developer","SDKROOT":"iphoneos","CLANG_CXX_LANGUAGE_STANDARD":"gnu++0x","ENABLE_TESTABILITY":"YES","CLANG_WARN_BOOL_CONVERSION":"YES","CLANG_WARN_UNREACHABLE_CODE":"YES","ENABLE_STRICT_OBJC_MSGSEND":"YES","GCC_SYMBOLS_PRIVATE_EXTERN":"NO","CLANG_WARN_BLOCK_CAPTURE_AUTORELEASING":"YES","CLANG_WARN_STRICT_PROTOTYPES":"YES","CLANG_WARN_ENUM_CONVERSION":"YES","CLANG_WARN_QUOTED_INCLUDE_IN_FRAMEWORK_HEADER":"NO","GCC_PREPROCESSOR_DEFINITIONS":["DEBUG=1","$(inherited)"],"GCC_WARN_64_TO_32_BIT_CONVERSION":"YES","SWIFT_SWIFT3_OBJC_INFERENCE":"Default","CLANG_WARN_EMPTY_BODY":"YES","GCC_WARN_UNINITIALIZED_AUTOS":"YES_AGGRESSIVE","GCC_WARN_ABOUT_RETURN_TYPE":"YES_ERROR","CLANG_WARN_COMMA":"YES","GCC_DYNAMIC_NO_PIC":"NO","GCC_C_LANGUAGE_STANDARD":"gnu99","GCC_WARN_UNUSED_VARIABLE":"YES","CLANG_WARN_RANGE_LOOP_ANALYSIS":"YES","CLANG_ENABLE_MODULES":"YES","GCC_NO_COMMON_BLOCKS":"YES","CLANG_WARN_INT_CONVERSION":"YES","ALWAYS_SEARCH_USER_PATHS":"NO","CLANG_WARN_OBJC_ROOT_CLASS":"YES_ERROR","COPY_PHASE_STRIP":"NO","CLANG_WARN_CONSTANT_CONVERSION":"YES","CLANG_WARN_DEPRECATED_OBJC_IMPLEMENTATIONS":"YES","GCC_OPTIMIZATION_LEVEL":"0","TARGETED_DEVICE_FAMILY":"1,2","ONLY_ACTIVE_ARCH":"YES","CLANG_WARN_NON_LITERAL_NULL_CONVERSION":"YES","GCC_WARN_UNUSED_FUNCTION":"YES","FRAMEWORK_SEARCH_PATHS[arch=*]":"","CLANG_WARN_OBJC_LITERAL_CONVERSION":"YES","IPHONEOS_DEPLOYMENT_TARGET":"12.0","CLANG_CXX_LIBRARY":"libc++"},"name":"Debug"},"D2644E3022C0EB4E008B50C0":{"isa":"PBXBuildFile","fileRef":"D2644E2F22C0EB4E008B50C0"},"D2FBC4AD236AE69000331506":{"isa":"PBXBuildFile","fileRef":"D257C76B236AE402006683F5"},"D297B8F023B90379008D094A":{"isa":"PBXFrameworksBuildPhase","buildActionMask":"2147483647","files":[],"runOnlyForDeploymentPostprocessing":"0"},"6003F58F195388D20070C39A":{"path":"System\/Library\/Frameworks\/CoreGraphics.framework","isa":"PBXFileReference","name":"CoreGraphics.framework","lastKnownFileType":"wrapper.framework","sourceTree":"SDKROOT"},"D643B6DD2142C36C008AB669":{"path":"GradientViewController.swift","isa":"PBXFileReference","lastKnownFileType":"sourcecode.swift","sourceTree":"<group>"},"D6D81D53213FEE800013BB96":{"isa":"PBXFrameworksBuildPhase","buildActionMask":"2147483647","files":["D6D81D54213FEE800013BB96","D6D81D55213FEE800013BB96","D6D81D56213FEE800013BB96","71BBEC91A179922B39796E66"],"runOnlyForDeploymentPostprocessing":"0"},"D26E5A0925A787060064D9F1":{"path":"BPKRootTableViewController.swift","isa":"PBXFileReference","lastKnownFileType":"sourcecode.swift","sourceTree":"<group>","fileEncoding":"4"},"6003F5AC195388D20070C39A":{"isa":"PBXResourcesBuildPhase","buildActionMask":"2147483647","files":["6003F5BA195388D20070C39A"],"runOnlyForDeploymentPostprocessing":"0"},"D27E883F2199A5D000C962BF":{"path":"ChipPreviewCollectionViewCell.swift","isa":"PBXFileReference","lastKnownFileType":"sourcecode.swift","sourceTree":"<group>"},"D279B4BC23295117000F5898":{"isa":"PBXBuildFile","fileRef":"D279B4BB23295116000F5898"},"D6FC4E572625DBF6000BA351":{"path":"NudgerViewController.swift","isa":"PBXFileReference","lastKnownFileType":"sourcecode.swift","sourceTree":"<group>"},"D261F26C22C0E6B600A4A476":{"isa":"PBXBuildFile","fileRef":"D261F26B22C0E6B600A4A476"},"D29349C02199C7690099D2EC":{"isa":"PBXBuildFile","fileRef":"D29349BE2199C7650099D2EC"},"6055821921523FAD00BF9F3E":{"isa":"PBXBuildFile","fileRef":"6055821821523FAD00BF9F3E"},"D27396F822CA5C9D002E9E40":{"path":"LabelMultiFontStyleViewController.swift","isa":"PBXFileReference","lastKnownFileType":"sourcecode.swift","sourceTree":"<group>","fileEncoding":"4"},"D6D81D42213FEE800013BB96":{"buildConfigurationList":"D6D81D5B213FEE800013BB96","productReference":"D6D81D5E213FEE800013BB96","productType":"com.apple.product-type.bundle.unit-test","productName":"BackpackTests","isa":"PBXNativeTarget","buildPhases":["D6D81D45213FEE800013BB96","D6D81D46213FEE800013BB96","D6D81D53213FEE800013BB96","D6D81D58213FEE800013BB96","D6D81D5A213FEE800013BB96"],"dependencies":["D6D81D43213FEE800013BB96"],"name":"Backpack_SnapshotTests","buildRules":[]},"E397BEA122F5F59000C8EC04":{"path":"BottomSheetScrollableContentViewController.swift","isa":"PBXFileReference","lastKnownFileType":"sourcecode.swift","sourceTree":"<group>"},"D6D494B2214FF3CA0095F9CF":{"path":"BPKIconSnapshotTest.m","isa":"PBXFileReference","lastKnownFileType":"sourcecode.c.objc","sourceTree":"<group>"},"D649E8EE212F0B6500B25A9E":{"isa":"PBXBuildFile","fileRef":"D649E8ED212F0B6500B25A9E"},"D269975323526E57006138D2":{"path":"BPKSnapshotTest.h","isa":"PBXFileReference","lastKnownFileType":"sourcecode.c.h","sourceTree":"<group>"},"6003F5BE195388D20070C39A":{"isa":"XCBuildConfiguration","buildSettings":{"CLANG_WARN_SUSPICIOUS_MOVE":"YES","GCC_WARN_UNDECLARED_SELECTOR":"YES","CLANG_ENABLE_OBJC_ARC":"YES","CLANG_WARN_DIRECT_OBJC_ISA_USAGE":"YES_ERROR","ENABLE_NS_ASSERTIONS":"NO","CLANG_WARN__DUPLICATE_METHOD_MATCH":"YES","SWIFT_COMPILATION_MODE":"wholemodule","CLANG_WARN_OBJC_IMPLICIT_RETAIN_SELF":"YES","CLANG_WARN_INFINITE_RECURSION":"YES","CODE_SIGN_IDENTITY[sdk=iphoneos*]":"iPhone Developer","SDKROOT":"iphoneos","CLANG_CXX_LANGUAGE_STANDARD":"gnu++0x","CLANG_WARN_BOOL_CONVERSION":"YES","CLANG_WARN_UNREACHABLE_CODE":"YES","ENABLE_STRICT_OBJC_MSGSEND":"YES","CLANG_WARN_BLOCK_CAPTURE_AUTORELEASING":"YES","CLANG_WARN_STRICT_PROTOTYPES":"YES","CLANG_WARN_ENUM_CONVERSION":"YES","GCC_WARN_64_TO_32_BIT_CONVERSION":"YES","CLANG_WARN_QUOTED_INCLUDE_IN_FRAMEWORK_HEADER":"NO","SWIFT_SWIFT3_OBJC_INFERENCE":"Default","CLANG_WARN_EMPTY_BODY":"YES","GCC_WARN_UNINITIALIZED_AUTOS":"YES_AGGRESSIVE","GCC_WARN_ABOUT_RETURN_TYPE":"YES_ERROR","CLANG_WARN_COMMA":"YES","GCC_C_LANGUAGE_STANDARD":"gnu99","GCC_WARN_UNUSED_VARIABLE":"YES","CLANG_WARN_RANGE_LOOP_ANALYSIS":"YES","CLANG_ENABLE_MODULES":"YES","GCC_NO_COMMON_BLOCKS":"YES","CLANG_WARN_INT_CONVERSION":"YES","ALWAYS_SEARCH_USER_PATHS":"NO","CLANG_WARN_OBJC_ROOT_CLASS":"YES_ERROR","COPY_PHASE_STRIP":"YES","CLANG_WARN_CONSTANT_CONVERSION":"YES","CLANG_WARN_DEPRECATED_OBJC_IMPLEMENTATIONS":"YES","TARGETED_DEVICE_FAMILY":"1,2","CLANG_WARN_NON_LITERAL_NULL_CONVERSION":"YES","VALIDATE_PRODUCT":"YES","GCC_WARN_UNUSED_FUNCTION":"YES","CLANG_WARN_OBJC_LITERAL_CONVERSION":"YES","IPHONEOS_DEPLOYMENT_TARGET":"12.0","CLANG_CXX_LIBRARY":"libc++"},"name":"Release"},"76E345382360F4D400B5CEA5":{"path":"BPKTextViewSnapshotTest.m","isa":"PBXFileReference","lastKnownFileType":"sourcecode.c.objc","sourceTree":"<group>","fileEncoding":"4"},"3A7D2D46214AB9F400ECBD5B":{"path":"BPKButtonsViewController.m","isa":"PBXFileReference","lastKnownFileType":"sourcecode.c.objc","sourceTree":"<group>"},"D261F26722C0E52300A4A476":{"path":"TappableLinkLabels.storyboard","isa":"PBXFileReference","lastKnownFileType":"file.storyboard","sourceTree":"<group>","fileEncoding":"4"},"D297B8F123B90379008D094A":{"isa":"PBXResourcesBuildPhase","buildActionMask":"2147483647","files":[],"runOnlyForDeploymentPostprocessing":"0"},"60FF7A9C1954A5C5007DD14C":{"isa":"PBXGroup","name":"Podspec Metadata","children":["455FB6E0E01310446E946427","090E9C65F965012C0DF5C1E3","5BDC00DF358FDC7E213EC2B3"],"sourceTree":"<group>"},"D6D81D54213FEE800013BB96":{"isa":"PBXBuildFile","fileRef":"6003F5AF195388D20070C39A"},"D23E2C12219204A800A15AAE":{"path":"BPKBadgeContainer.swift","isa":"PBXFileReference","lastKnownFileType":"sourcecode.swift","sourceTree":"<group>"},"D63915FE202CAAC8006E8329":{"path":"BPKShadowViewController.h","isa":"PBXFileReference","lastKnownFileType":"sourcecode.c.h","sourceTree":"<group>"},"D24A31D4219B147A009B75E4":{"path":"UICollectionViewMasonryFlowLayout.swift","isa":"PBXFileReference","lastKnownFileType":"sourcecode.swift","sourceTree":"<group>","fileEncoding":"4"},"D649E8EF212F0DAA00B25A9E":{"path":"BPKLabelTest.m","isa":"PBXFileReference","lastKnownFileType":"sourcecode.c.objc","sourceTree":"<group>"},"D2CCB82B243F544300788DEC":{"isa":"PBXBuildFile","fileRef":"D2CCB829243F544300788DEC"},"60AF37C825E54B1000825050":{"path":"ColorsStory.swift","isa":"PBXFileReference","lastKnownFileType":"sourcecode.swift","sourceTree":"<group>"},"D27396F922CA5C9D002E9E40":{"isa":"PBXBuildFile","fileRef":"D27396F822CA5C9D002E9E40"},"6003F58D195388D20070C39A":{"path":"System\/Library\/Frameworks\/Foundation.framework","isa":"PBXFileReference","name":"Foundation.framework","lastKnownFileType":"wrapper.framework","sourceTree":"SDKROOT"},"D6517B4A216DF63700D85FF9":{"path":"DialogUITest.swift","isa":"PBXFileReference","lastKnownFileType":"sourcecode.swift","sourceTree":"<group>"},"D6FC4CD7261F0BE7000BA351":{"isa":"PBXBuildFile","fileRef":"D6FC4CD6261F0BE7000BA351"},"E397BEA222F5F59000C8EC04":{"isa":"PBXBuildFile","fileRef":"E397BEA122F5F59000C8EC04"},"6003F5AA195388D20070C39A":{"isa":"PBXSourcesBuildPhase","buildActionMask":"2147483647","files":["D283842C234381C800E33EAD","60127A722021B6BC00703622","D6CE74F921243A4500154D92","D2B6450D23A01CB7001001B8","D649E8F0212F0DAA00B25A9E","D29349C02199C7690099D2EC","D246C1F4216643B8001CB366","2F3F86CF20E1069200DAB2DD","D231E2B625AF312A0061E53E","D216C21122E974A700045A9E","D251D2AC243664DF00E28B60","D696CA20215CC09400682666","D217FE5C262710A90095F1B3","D24B548B22EA38D900ECD829","D655C51A200FA18100CB39AF","D696CA23215CC1DB00682666","D6391602202CAF07006E8329","D2FBC4AD236AE69000331506","D2FBC4AC236AE68D00331506","D21AF43C2539E7CE00C8ED04","D22EB158239EA78F0090C65E","D254D3BA236B12AB0000ADA6","D6CE74F22124230000154D92","D613CE552006795400D60CC4","589FD45522DE092800F252E9","6048F7762028B8CB00C53A8B","D2DACAEE25A75F0C0004BE39","D21EB4C125EA7F2F00B21A01"],"runOnlyForDeploymentPostprocessing":"0"},"D216C21122E974A700045A9E":{"isa":"PBXBuildFile","fileRef":"D216C20F22E974A300045A9E"},"6003F5BF195388D20070C39A":{"isa":"XCConfigurationList","defaultConfigurationIsVisible":"0","defaultConfigurationName":"Release","buildConfigurations":["6003F5C0195388D20070C39A","6003F5C1195388D20070C39A"]},"D28D0E8323B21BE4008B4C09":{"path":"Backpack Screenshot\/SnapshotHelper.swift","isa":"PBXFileReference","lastKnownFileType":"sourcecode.swift","name":"SnapshotHelper.swift","sourceTree":"SOURCE_ROOT","fileEncoding":"4"},"D6CD7F0521BEC8570030FAD7":{"path":"BPKCalendarSnapshotTest.m","isa":"PBXFileReference","lastKnownFileType":"sourcecode.c.objc","sourceTree":"<group>"},"76E345392360F4D400B5CEA5":{"path":"BPKTextFieldSnapshotTest.m","isa":"PBXFileReference","lastKnownFileType":"sourcecode.c.objc","sourceTree":"<group>","fileEncoding":"4"},"3A7D2D47214AB9F400ECBD5B":{"isa":"PBXBuildFile","fileRef":"3A7D2D46214AB9F400ECBD5B"},"D28443E922FC42A30066F88B":{"path":"FlareViewViewController.swift","isa":"PBXFileReference","lastKnownFileType":"sourcecode.swift","sourceTree":"<group>","fileEncoding":"4"},"D205510922675DAE00BC5BCC":{"isa":"PBXBuildFile","fileRef":"D205510722675DAE00BC5BCC"},"D696CA21215CC1BD00682666":{"path":"IconSwiftTest.swift","isa":"PBXFileReference","lastKnownFileType":"sourcecode.swift","sourceTree":"<group>"},"6048F7762028B8CB00C53A8B":{"isa":"PBXBuildFile","fileRef":"6048F7752028B8CB00C53A8B"},"6003F581195388D10070C39A":{"isa":"PBXGroup","sourceTree":"<group>","children":["D29F9C47221B1B3200773A6D","D6D81D60213FEEB90013BB96","60FF7A9C1954A5C5007DD14C","6003F593195388D20070C39A","6003F5B5195388D20070C39A","D6517B40216DF5F800D85FF9","D297B8F423B90379008D094A","6003F58C195388D20070C39A","6003F58B195388D20070C39A","C92ADAF91733A08AB077E3E3"]},"D63915FF202CAAC8006E8329":{"path":"BPKShadowViewController.m","isa":"PBXFileReference","lastKnownFileType":"sourcecode.c.objc","sourceTree":"<group>"},"760E41E4232BD50700A0CE8D":{"path":"ToastUITest.swift","isa":"PBXFileReference","lastKnownFileType":"sourcecode.swift","sourceTree":"<group>"},"D690703721590F0A0088C97B":{"path":"BPKButtonSnapshotTest.m","isa":"PBXFileReference","lastKnownFileType":"sourcecode.c.objc","sourceTree":"<group>"},"D6ECFFFA241A5BAE004225E8":{"isa":"PBXBuildFile","fileRef":"D6ECFFF9241A5BAE004225E8"},"6003F58E195388D20070C39A":{"isa":"PBXBuildFile","fileRef":"6003F58D195388D20070C39A"},"D27EE92C2193163900C877EA":{"isa":"PBXBuildFile","fileRef":"D27EE92B2193163900C877EA"},"D261F26B22C0E6B600A4A476":{"path":"TappableLinkLabelsViewController.swift","isa":"PBXFileReference","lastKnownFileType":"sourcecode.swift","sourceTree":"<group>","fileEncoding":"4"},"6003F585195388D10070C39A":{"isa":"XCConfigurationList","defaultConfigurationIsVisible":"0","defaultConfigurationName":"Release","buildConfigurations":["6003F5BD195388D20070C39A","6003F5BE195388D20070C39A"]},"6003F58B195388D20070C39A":{"isa":"PBXGroup","name":"Products","children":["6003F58A195388D20070C39A","6003F5AE195388D20070C39A","D6D81D5E213FEE800013BB96","D6517B3F216DF5F800D85FF9","D297B8F323B90379008D094A"],"sourceTree":"<group>"},"D6DC0AF5216BBAE10003AC5D":{"isa":"PBXBuildFile","fileRef":"D6DC0AF4216BBAE10003AC5D"},"760E41E72334EBDC00A0CE8D":{"isa":"PBXBuildFile","fileRef":"760E41E62334EBDC00A0CE8D"},"8071379B25AF7974009869D1":{"path":"BottomSheetPersistentViewController.swift","isa":"PBXFileReference","lastKnownFileType":"sourcecode.swift","sourceTree":"<group>"},"E38947D322F5F0E900A357DB":{"path":"BottomSheetViewController.swift","isa":"PBXFileReference","lastKnownFileType":"sourcecode.swift","sourceTree":"<group>"},"D6ECFDC0216D06F50093F22A":{"path":"BPKDialogViewSnapshotTest.m","isa":"PBXFileReference","lastKnownFileType":"sourcecode.c.objc","sourceTree":"<group>"},"603658FB25E41EAA00A94126":{"path":"FlareStory.swift","isa":"PBXFileReference","lastKnownFileType":"sourcecode.swift","sourceTree":"<group>"},"D26017EF25C83C9D00FAB768":{"isa":"PBXBuildFile","fileRef":"D26017DD25C83A8800FAB768"},"6003F582195388D10070C39A":{"buildConfigurationList":"6003F585195388D10070C39A","targets":["6003F589195388D20070C39A","6003F5AD195388D20070C39A","D6D81D42213FEE800013BB96","D6517B3E216DF5F800D85FF9","D297B8F223B90379008D094A"],"developmentRegion":"en","knownRegions":["en","Base"],"isa":"PBXProject","compatibilityVersion":"Xcode 3.2","productRefGroup":"6003F58B195388D20070C39A","projectDirPath":"","attributes":{"LastSwiftUpdateCheck":"1120","LastUpgradeCheck":"1200","ORGANIZATIONNAME":"Skyscanner Ltd","TargetAttributes":{"6003F589195388D20070C39A":{"LastSwiftMigration":"1200"},"D297B8F223B90379008D094A":{"TestTargetID":"6003F589195388D20070C39A","ProvisioningStyle":"Automatic","CreatedOnToolsVersion":"11.2"},"D6517B3E216DF5F800D85FF9":{"ProvisioningStyle":"Automatic","TestTargetID":"6003F589195388D20070C39A","LastSwiftMigration":"1200","CreatedOnToolsVersion":"10.0"},"6003F5AD195388D20070C39A":{"LastSwiftMigration":"1200","TestTargetID":"6003F589195388D20070C39A"},"D6D81D42213FEE800013BB96":{"LastSwiftMigration":"1000","TestTargetID":"6003F589195388D20070C39A"}},"CLASSPREFIX":"BPK"},"hasScannedForEncodings":"0","projectRoot":"","mainGroup":"6003F581195388D10070C39A"},"76AB13D42316907E00B47887":{"path":"BPKNavigationBarSnapshotTest.m","isa":"PBXFileReference","lastKnownFileType":"sourcecode.c.objc","sourceTree":"<group>","fileEncoding":"4"},"D6907040215A4F2C0088C97B":{"isa":"PBXBuildFile","fileRef":"D690703F215A4F2C0088C97B"},"D696CA1F215CC09400682666":{"path":"BPKIconTest.m","isa":"PBXFileReference","lastKnownFileType":"sourcecode.c.objc","sourceTree":"<group>"},"760E41E5232BD50700A0CE8D":{"isa":"PBXBuildFile","fileRef":"760E41E4232BD50700A0CE8D"},"3A7D2D45214AB9F400ECBD5B":{"path":"BPKButtonsViewController.h","isa":"PBXFileReference","lastKnownFileType":"sourcecode.c.h","sourceTree":"<group>"},"E359366C240FFE680046FD4C":{"isa":"PBXBuildFile","fileRef":"E359366B240FFE680046FD4C"},"D690703821590F0A0088C97B":{"isa":"PBXBuildFile","fileRef":"D690703721590F0A0088C97B"},"D28D0E8123B2183D008B4C09":{"path":"Screenshots.swift","isa":"PBXFileReference","lastKnownFileType":"sourcecode.swift","sourceTree":"<group>","fileEncoding":"4"},"D2CD11E7215E4D83000CEA5C":{"isa":"PBXBuildFile","fileRef":"D2CD11E6215E4D83000CEA5C"},"D6517B3E216DF5F800D85FF9":{"buildConfigurationList":"D6517B48216DF5F800D85FF9","productReference":"D6517B3F216DF5F800D85FF9","productType":"com.apple.product-type.bundle.ui-testing","productName":"Backpack NativeUITests","isa":"PBXNativeTarget","buildPhases":["D6517B3B216DF5F800D85FF9","D6517B3C216DF5F800D85FF9","D6517B3D216DF5F800D85FF9"],"dependencies":["D6517B45216DF5F800D85FF9"],"name":"Backpack NativeUITests","buildRules":[]},"D205510722675DAE00BC5BCC":{"isa":"PBXVariantGroup","name":"LaunchScreen.xib","children":["D205510822675DAE00BC5BCC"],"sourceTree":"<group>"},"6003F59D195388D20070C39A":{"path":"BPKAppDelegate.m","isa":"PBXFileReference","lastKnownFileType":"sourcecode.c.objc","sourceTree":"<group>"},"D2DACAED25A75F0C0004BE39":{"path":"TableNavigationDataTest.swift","isa":"PBXFileReference","lastKnownFileType":"sourcecode.swift","sourceTree":"<group>"},"58CFF14622D3837900C45B0B":{"path":"StarRatings.storyboard","isa":"PBXFileReference","lastKnownFileType":"file.storyboard","sourceTree":"<group>"},"6003F5BA195388D20070C39A":{"isa":"PBXBuildFile","fileRef":"6003F5B8195388D20070C39A"},"D6FA3DB2224E21F800CFA094":{"path":"Categories","isa":"PBXGroup","children":["D6FA3DB3224E220D00CFA094"],"sourceTree":"<group>"},"600E2AD0218B119000E959B3":{"isa":"PBXBuildFile","fileRef":"600E2ACE218B119000E959B3"},"6003F58C195388D20070C39A":{"isa":"PBXGroup","name":"Frameworks","children":["6003F58D195388D20070C39A","6003F58F195388D20070C39A","6003F591195388D20070C39A","6003F5AF195388D20070C39A","D71748A6B9AA3B05B9A0CDEB","EDBC7CA36756032862B5D581","699EB6BD228CC6C604691703","732AAEEA0C015F6E54AC4148"],"sourceTree":"<group>"},"D6DC0AF6216BBB2C0003AC5D":{"path":"DialogViewController.swift","isa":"PBXFileReference","lastKnownFileType":"sourcecode.swift","sourceTree":"<group>","fileEncoding":"4"},"D6FC4CD6261F0BE7000BA351":{"path":"DialogStory.swift","isa":"PBXFileReference","lastKnownFileType":"sourcecode.swift","sourceTree":"<group>"},"D217FE5B262710A90095F1B3":{"path":"BPKNudgerTest.m","isa":"PBXFileReference","lastKnownFileType":"sourcecode.c.objc","sourceTree":"<group>","fileEncoding":"4"},"8071379C25AF7974009869D1":{"isa":"PBXBuildFile","fileRef":"8071379B25AF7974009869D1"},"E38947D422F5F0E900A357DB":{"isa":"PBXBuildFile","fileRef":"E38947D322F5F0E900A357DB"},"D6ECFDC1216D06F50093F22A":{"isa":"PBXBuildFile","fileRef":"D6ECFDC0216D06F50093F22A"},"D216C20C22E9749200045A9E":{"path":"BPKHorizontalNavigationSnapshotTest.m","isa":"PBXFileReference","lastKnownFileType":"sourcecode.c.objc","sourceTree":"<group>","fileEncoding":"4"},"2F3F86CE20E1069200DAB2DD":{"path":"BPKGradientTest.m","isa":"PBXFileReference","lastKnownFileType":"sourcecode.c.objc","sourceTree":"<group>"},"603658FC25E41EAA00A94126":{"isa":"PBXBuildFile","fileRef":"603658FB25E41EAA00A94126"},"D2CCB82F243FB36F00788DEC":{"path":"BPKBarChartBarSnapshotTest.m","isa":"PBXFileReference","lastKnownFileType":"sourcecode.c.objc","sourceTree":"<group>","fileEncoding":"4"},"D205510822675DAE00BC5BCC":{"path":"Base.lproj\/LaunchScreen.xib","isa":"PBXFileReference","name":"Base","lastKnownFileType":"file.xib","sourceTree":"<group>"},"D6517B3F216DF5F800D85FF9":{"path":"Backpack NativeUITests.xctest","isa":"PBXFileReference","includeInIndex":"0","explicitFileType":"wrapper.cfbundle","sourceTree":"BUILT_PRODUCTS_DIR"},"749A593BF4A88C859392AAF6":{"path":"Pods\/Target Support Files\/Pods-Backpack_Example\/Pods-Backpack_Example.debug.xcconfig","isa":"PBXFileReference","includeInIndex":"1","name":"Pods-Backpack_Example.debug.xcconfig","lastKnownFileType":"text.xcconfig","sourceTree":"<group>"},"6003F59E195388D20070C39A":{"isa":"PBXBuildFile","fileRef":"6003F59D195388D20070C39A"},"6048F7752028B8CB00C53A8B":{"path":"BPKRadiiTest.m","isa":"PBXFileReference","lastKnownFileType":"sourcecode.c.objc","sourceTree":"<group>"},"D2DACAEE25A75F0C0004BE39":{"isa":"PBXBuildFile","fileRef":"D2DACAED25A75F0C0004BE39"},"58CFF14722D3837900C45B0B":{"isa":"PBXBuildFile","fileRef":"58CFF14622D3837900C45B0B"},"D246C1F621665056001CB366":{"isa":"PBXBuildFile","fileRef":"D246C1F521665056001CB366"},"D21EB4C025EA7F2F00B21A01":{"path":"BPKCalendarSelectionTests.m","isa":"PBXFileReference","lastKnownFileType":"sourcecode.c.objc","sourceTree":"<group>"},"D6517B3C216DF5F800D85FF9":{"isa":"PBXFrameworksBuildPhase","buildActionMask":"2147483647","files":[],"runOnlyForDeploymentPostprocessing":"0"},"D643B6D92142BEAA008AB669":{"isa":"PBXBuildFile","fileRef":"D643B6D72142BEA6008AB669"},"D686A73A24128DA3000EDCCC":{"isa":"PBXBuildFile","fileRef":"D686A73924128DA3000EDCCC"},"D27EE92B2193163900C877EA":{"path":"ChipsViewController.swift","isa":"PBXFileReference","lastKnownFileType":"sourcecode.swift","sourceTree":"<group>"},"D6FC4DDC2620A826000BA351":{"isa":"PBXBuildFile","fileRef":"D6FC4DDB2620A826000BA351"},"6003F59B195388D20070C39A":{"path":"Backpack-Prefix.pch","isa":"PBXFileReference","lastKnownFileType":"sourcecode.c.h","sourceTree":"<group>"},"D217FE5C262710A90095F1B3":{"isa":"PBXBuildFile","fileRef":"D217FE5B262710A90095F1B3"},"EFF4B5AAADA028B292046E74":{"inputPaths":[],"buildActionMask":"2147483647","shellPath":"\/bin\/sh","showEnvVarsInLog":"0","isa":"PBXShellScriptBuildPhase","runOnlyForDeploymentPostprocessing":"0","outputPaths":[],"shellScript":"\"${PODS_ROOT}\/Target Support Files\/Pods-Backpack-Native\/Pods-Backpack-Native-resources.sh\"\n","files":[],"name":"[CP] Copy Pods Resources"},"D2A350B92214435A00DEA01F":{"path":"SettingsViewController.swift","isa":"PBXFileReference","lastKnownFileType":"sourcecode.swift","sourceTree":"<group>","fileEncoding":"4"},"D6391600202CAAC8006E8329":{"isa":"PBXBuildFile","fileRef":"D63915FF202CAAC8006E8329"},"2F3F86CF20E1069200DAB2DD":{"isa":"PBXBuildFile","fileRef":"2F3F86CE20E1069200DAB2DD"},"D283842A234381BE00E33EAD":{"path":"BPKDurationTest.m","isa":"PBXFileReference","lastKnownFileType":"sourcecode.c.objc","sourceTree":"<group>","fileEncoding":"4"},"6003F58A195388D20070C39A":{"path":"Backpack-Native.app","isa":"PBXFileReference","includeInIndex":"0","explicitFileType":"wrapper.application","sourceTree":"BUILT_PRODUCTS_DIR"},"D6DC0AF4216BBAE10003AC5D":{"path":"Dialogs.storyboard","isa":"PBXFileReference","lastKnownFileType":"file.storyboard","sourceTree":"<group>","fileEncoding":"4"},"D246C1F3216643B8001CB366":{"path":"BPKCardTest.m","isa":"PBXFileReference","lastKnownFileType":"sourcecode.c.objc","sourceTree":"<group>","fileEncoding":"4"},"760E41E62334EBDC00A0CE8D":{"path":"StarRatingsDocViewController.swift","isa":"PBXFileReference","lastKnownFileType":"sourcecode.swift","sourceTree":"<group>"},"3AA018F2215BEA2D00838FBB":{"isa":"PBXBuildFile","fileRef":"3AA018F0215BE73700838FBB"},"D6D164A02153934500FFB667":{"isa":"PBXBuildFile","fileRef":"D6D1649F2153934500FFB667"},"D217FE7D2628208C0095F1B3":{"isa":"PBXBuildFile","fileRef":"D217FE6C26281FA40095F1B3"},"6036590A25E4200000A94126":{"isa":"PBXBuildFile","fileRef":"6036590925E4200000A94126"},"D643B6D72142BEA6008AB669":{"path":"BPKGradientSnapshotTests.m","isa":"PBXFileReference","lastKnownFileType":"sourcecode.c.objc","sourceTree":"<group>"},"D219C1DF2163918B00C9968D":{"path":"DividedCardsViewController.swift","isa":"PBXFileReference","lastKnownFileType":"sourcecode.swift","sourceTree":"<group>","fileEncoding":"4"},"764D003D2382D12E00FE60AC":{"path":"BPKSnackbarSnapshotTest.m","isa":"PBXFileReference","lastKnownFileType":"sourcecode.c.objc","sourceTree":"<group>"},"6036590325E41F4000A94126":{"isa":"PBXBuildFile","fileRef":"6036590225E41F4000A94126"},"D22FB970230C0E950023DC72":{"path":"Resources","isa":"PBXGroup","children":[],"sourceTree":"<group>"},"D21EB4C125EA7F2F00B21A01":{"isa":"PBXBuildFile","fileRef":"D21EB4C025EA7F2F00B21A01"},"E359366B240FFE680046FD4C":{"path":"BottomSheetUITest.swift","isa":"PBXFileReference","lastKnownFileType":"sourcecode.swift","sourceTree":"<group>"},"D28B3610219C209000E82A79":{"path":"ChipUITest.swift","isa":"PBXFileReference","lastKnownFileType":"sourcecode.swift","sourceTree":"<group>"},"D2CD11E6215E4D83000CEA5C":{"path":"CardsViewController.swift","isa":"PBXFileReference","lastKnownFileType":"sourcecode.swift","sourceTree":"<group>"},"D6517B3D216DF5F800D85FF9":{"isa":"PBXResourcesBuildPhase","buildActionMask":"2147483647","files":[],"runOnlyForDeploymentPostprocessing":"0"},"D263EA8B22B7B5D400569757":{"path":"ThemeRegistry.swift","isa":"PBXFileReference","lastKnownFileType":"sourcecode.swift","sourceTree":"<group>"},"D2CCB829243F544300788DEC":{"path":"BarChartViewController.swift","isa":"PBXFileReference","lastKnownFileType":"sourcecode.swift","sourceTree":"<group>","fileEncoding":"4"},"11F0F39D8252943CD3B0C19D":{"path":"Pods\/Target Support Files\/Pods-Backpack_Example\/Pods-Backpack_Example.release.xcconfig","isa":"PBXFileReference","includeInIndex":"1","name":"Pods-Backpack_Example.release.xcconfig","lastKnownFileType":"text.xcconfig","sourceTree":"<group>"},"6003F59C195388D20070C39A":{"path":"BPKAppDelegate.h","isa":"PBXFileReference","lastKnownFileType":"sourcecode.c.h","sourceTree":"<group>"},"606FC2411953D9B200FFA9A0":{"path":"Tests-Prefix.pch","isa":"PBXFileReference","lastKnownFileType":"sourcecode.c.h","sourceTree":"<group>"},"D68AF8FA2174CB9C00BA743D":{"inputPaths":[],"buildActionMask":"2147483647","shellPath":"\/bin\/sh","isa":"PBXShellScriptBuildPhase","runOnlyForDeploymentPostprocessing":"0","outputPaths":[],"shellScript":"\"${PODS_ROOT}\/SwiftLint\/swiftlint\" lint --strict\n","files":[],"name":"Run Script"},"76AB13D6231690BA00B47887":{"isa":"PBXBuildFile","fileRef":"76AB13D42316907E00B47887"},"6003F5A8195388D20070C39A":{"path":"Images.xcassets","isa":"PBXFileReference","lastKnownFileType":"folder.assetcatalog","sourceTree":"<group>"},"D246C1F4216643B8001CB366":{"isa":"PBXBuildFile","fileRef":"D246C1F3216643B8001CB366"},"3AA018F3215D000700838FBB":{"path":"TextViewsViewController.swift","isa":"PBXFileReference","lastKnownFileType":"sourcecode.swift","sourceTree":"<group>"},"D2297C2A232A7F3F006E00E0":{"isa":"PBXBuildFile","fileRef":"D2297C28232A7F3F006E00E0"},"764D003E2382D12E00FE60AC":{"isa":"PBXBuildFile","fileRef":"764D003D2382D12E00FE60AC"},"D217700B25ACCC0400C0FD8C":{"path":"TableNavigationData.swift","isa":"PBXFileReference","lastKnownFileType":"sourcecode.swift","sourceTree":"<group>"},"84EFE62BE1534CD46CAFBDBF":{"inputPaths":[],"buildActionMask":"2147483647","shellPath":"\/bin\/sh","showEnvVarsInLog":"0","isa":"PBXShellScriptBuildPhase","runOnlyForDeploymentPostprocessing":"0","outputPaths":[],"shellScript":"\"${PODS_ROOT}\/Target Support Files\/Pods-Backpack-Native\/Pods-Backpack-Native-frameworks.sh\"\n","files":[],"name":"[CP] Embed Pods Frameworks"},"D6CE74F921243A4500154D92":{"isa":"PBXBuildFile","fileRef":"D6CE74F821243A4500154D92"},"3AA018EF215BE26600838FBB":{"isa":"PBXBuildFile","fileRef":"3AA018EE215BE26500838FBB"},"D28B3611219C209000E82A79":{"isa":"PBXBuildFile","fileRef":"D28B3610219C209000E82A79"},"D6A15060213FEEF000AAF968":{"isa":"PBXBuildFile","fileRef":"D6D81D63213FEEB90013BB96"},"D263EA8C22B7B5D400569757":{"isa":"PBXBuildFile","fileRef":"D263EA8B22B7B5D400569757"},"D22EB158239EA78F0090C65E":{"isa":"PBXBuildFile","fileRef":"D22EB156239EA75A0090C65E"},"D2BE85142305E2540055BD7D":{"path":"BPKFlareViewSnapshotTest.m","isa":"PBXFileReference","lastKnownFileType":"sourcecode.c.objc","sourceTree":"<group>","fileEncoding":"4"},"D246C1F521665056001CB366":{"path":"BPKCardSnapshotTest.m","isa":"PBXFileReference","lastKnownFileType":"sourcecode.c.objc","sourceTree":"<group>","fileEncoding":"4"},"D686A73D241293C0000EDCCC":{"isa":"PBXBuildFile","fileRef":"D686A73B241292F3000EDCCC"},"D60B2458262F256600A9AA32":{"isa":"PBXBuildFile","fileRef":"D60B2457262F256600A9AA32"},"D2FF308F21903B2500E06F96":{"path":"Badges.storyboard","isa":"PBXFileReference","lastKnownFileType":"file.storyboard","sourceTree":"<group>"},"D2C49DB723856A55008D41FB":{"isa":"PBXBuildFile","fileRef":"D2C49DB623856A55008D41FB"},"6003F5A9195388D20070C39A":{"isa":"PBXBuildFile","fileRef":"6003F5A8195388D20070C39A"},"D24B548F22EA3E1E00ECD829":{"isa":"PBXBuildFile","fileRef":"D24B548E22EA3E1D00ECD829"},"C92ADAF91733A08AB077E3E3":{"isa":"PBXGroup","name":"Pods","children":["749A593BF4A88C859392AAF6","11F0F39D8252943CD3B0C19D","8D78AD47823950385EC6D00E","7F1C7617095FBE509B1D5D95","54DDBEECFBF1FCED05A9179D","C663CF67A51D3C1D5CCA2BD1","E9BCCEB5F97CE209BCB4B278","7AF4BFD91A5D1EA30FE75098","0F386FFD6327F785FBB09093","3DDD5D1DB6A77816BAA9481F"],"sourceTree":"<group>"},"0F386FFD6327F785FBB09093":{"path":"Pods\/Target Support Files\/Pods-Backpack-Native\/Pods-Backpack-Native.debug.xcconfig","isa":"PBXFileReference","includeInIndex":"1","name":"Pods-Backpack-Native.debug.xcconfig","lastKnownFileType":"text.xcconfig","sourceTree":"<group>"},"D6517B3B216DF5F800D85FF9":{"isa":"PBXSourcesBuildPhase","buildActionMask":"2147483647","files":["D6517B4B216DF63700D85FF9","E359366C240FFE680046FD4C","760E41E5232BD50700A0CE8D","D216C21322E974B100045A9E","D257C76A236AE3FB006683F5","D686A73A24128DA3000EDCCC","D257C769236AE3FB006683F5","D28B3611219C209000E82A79"],"runOnlyForDeploymentPostprocessing":"0"},"6003F59A195388D20070C39A":{"isa":"PBXBuildFile","fileRef":"6003F599195388D20070C39A"},"D6FC4DDB2620A826000BA351":{"path":"NavigationBarStory.swift","isa":"PBXFileReference","lastKnownFileType":"sourcecode.swift","sourceTree":"<group>"},"3AA018F4215D000700838FBB":{"isa":"PBXBuildFile","fileRef":"3AA018F3215D000700838FBB"},"6003F589195388D20070C39A":{"buildConfigurationList":"6003F5BF195388D20070C39A","productReference":"6003F58A195388D20070C39A","productType":"com.apple.product-type.application","productName":"Backpack","isa":"PBXNativeTarget","buildPhases":["06AB808CC1CF0A6BEDDBDCE3","6003F586195388D20070C39A","6003F587195388D20070C39A","6003F588195388D20070C39A","84EFE62BE1534CD46CAFBDBF","D68AF8FA2174CB9C00BA743D","EFF4B5AAADA028B292046E74"],"dependencies":[],"name":"Backpack-Native","buildRules":[]},"D27EE92A2193159C00C877EA":{"isa":"PBXBuildFile","fileRef":"D27EE9292193159C00C877EA"},"D2297C2B232A7F3F006E00E0":{"isa":"PBXBuildFile","fileRef":"D2297C29232A7F3F006E00E0"},"D217700C25ACCC0400C0FD8C":{"isa":"PBXBuildFile","fileRef":"D217700B25ACCC0400C0FD8C"},"D21FA97822EA370100FD866D":{"path":"BPKProgressBarSnapshotTest.m","isa":"PBXFileReference","lastKnownFileType":"sourcecode.c.objc","sourceTree":"<group>","fileEncoding":"4"},"60CE0F992189F99200309211":{"isa":"PBXBuildFile","fileRef":"60CE0F982189F99200309211"},"60D302CE201B77F4006DBC18":{"path":"BPKSpacingsViewController.m","isa":"PBXFileReference","lastKnownFileType":"sourcecode.c.objc","sourceTree":"<group>"},"6036590925E4200000A94126":{"path":"DividedCardStory.swift","isa":"PBXFileReference","lastKnownFileType":"sourcecode.swift","sourceTree":"<group>"},"D613CE542006795400D60CC4":{"path":"BPKColorTest.m","isa":"PBXFileReference","lastKnownFileType":"sourcecode.c.objc","sourceTree":"<group>"},"6036590225E41F4000A94126":{"path":"CardStory.swift","isa":"PBXFileReference","lastKnownFileType":"sourcecode.swift","sourceTree":"<group>"},"D6ECFFF9241A5BAE004225E8":{"path":"HorizontalNavigationItemWithBackground.swift","isa":"PBXFileReference","lastKnownFileType":"sourcecode.swift","sourceTree":"<group>"},"D6D6BB6421958C3200312C1C":{"isa":"PBXBuildFile","fileRef":"D6D6BB6321958C3200312C1C"},"D690703F215A4F2C0088C97B":{"path":"LabelsPerformanceViewController.swift","isa":"PBXFileReference","lastKnownFileType":"sourcecode.swift","sourceTree":"<group>"},"D2644E2F22C0EB4E008B50C0":{"path":"TappableLinkLabelsSelectorViewController.swift","isa":"PBXFileReference","lastKnownFileType":"sourcecode.swift","sourceTree":"<group>","fileEncoding":"4"},"D655C515200F9B9200CB39AF":{"path":"ViewControllers","isa":"PBXGroup","children":["D26E5A0A25A787060064D9F1","D26E5A0925A787060064D9F1","E397BEA022F5F56100C8EC04","D26B8B85219EAC72006FE706","D2CCB829243F544300788DEC","3A7D2D45214AB9F400ECBD5B","3A7D2D46214AB9F400ECBD5B","6048F77B2028BCE000C53A8B","6048F77C2028BCE000C53A8B","D63915FE202CAAC8006E8329","D63915FF202CAAC8006E8329","60D302CD201B77B9006DBC18","60D302CE201B77F4006DBC18","D698E64E219C528100D03060","D2CD11E6215E4D83000CEA5C","D279B4BB23295116000F5898","D27EE92B2193163900C877EA","D2C9CADE214685BC00AC30CF","D6DC0AF6216BBB2C0003AC5D","D219C1DF2163918B00C9968D","D28443E922FC42A30066F88B","D643B6DD2142C36C008AB669","D211A90A22D8B42B00447B64","6055821621523A1300BF9F3E","D27396F822CA5C9D002E9E40","D690703F215A4F2C0088C97B","D6B8CEB5217786F100BA52E8","D2EB964B25C05DF600988978","D61ACE042306E238001C976E","D2B4FC452538A88800070BEC","D2B4FC462538A88900070BEC","D2D624A9231586F500D8ED38","D2D624AA231586F600D8ED38","D24B548E22EA3E1D00ECD829","D2297C28232A7F3F006E00E0","D2297C29232A7F3F006E00E0","D2A350B92214435A00DEA01F","764D0039237DE4E300FE60AC","764D003B237DE51000FE60AC","3AA018EE215BE26500838FBB","760E41E62334EBDC00A0CE8D","58CFF14822D383C300C45B0B","60CE0F982189F99200309211","D270C065243B61C60036A040","D2644E2F22C0EB4E008B50C0","D261F26B22C0E6B600A4A476","D282E865259E04F3000AD77E","3AA018F3215D000700838FBB","7639E566232909C7004D7B09","D6FC4E572625DBF6000BA351"],"sourceTree":"<group>"},"D297B8EF23B90379008D094A":{"isa":"PBXSourcesBuildPhase","buildActionMask":"2147483647","files":["D297B8FE23B9038D008D094A","D297B8FD23B9038D008D094A"],"runOnlyForDeploymentPostprocessing":"0"},"6003F5B8195388D20070C39A":{"isa":"PBXVariantGroup","name":"InfoPlist.strings","children":["6003F5B9195388D20070C39A"],"sourceTree":"<group>"},"C663CF67A51D3C1D5CCA2BD1":{"path":"Pods\/Target Support Files\/Pods-Backpack Native\/Pods-Backpack Native.release.xcconfig","isa":"PBXFileReference","includeInIndex":"1","name":"Pods-Backpack Native.release.xcconfig","lastKnownFileType":"text.xcconfig","sourceTree":"<group>"},"D6FC4CCA261F0713000BA351":{"path":"HorizontalNavigationStory.swift","isa":"PBXFileReference","lastKnownFileType":"sourcecode.swift","sourceTree":"<group>"},"D22EB156239EA75A0090C65E":{"path":"BPKBorderWidthTest.m","isa":"PBXFileReference","lastKnownFileType":"sourcecode.c.objc","sourceTree":"<group>","fileEncoding":"4"},"8D78AD47823950385EC6D00E":{"path":"Pods\/Target Support Files\/Pods-Backpack_Tests\/Pods-Backpack_Tests.debug.xcconfig","isa":"PBXFileReference","includeInIndex":"1","name":"Pods-Backpack_Tests.debug.xcconfig","lastKnownFileType":"text.xcconfig","sourceTree":"<group>"},"D2D624A9231586F500D8ED38":{"path":"PanelSelectorViewController.swift","isa":"PBXFileReference","lastKnownFileType":"sourcecode.swift","sourceTree":"<group>","fileEncoding":"4"},"60D302CF201B77F4006DBC18":{"isa":"PBXBuildFile","fileRef":"60D302CE201B77F4006DBC18"},"D2CCB831243FB3AC00788DEC":{"isa":"PBXBuildFile","fileRef":"D2CCB82F243FB36F00788DEC"},"D28588B324586D33005DE2E0":{"isa":"PBXBuildFile","fileRef":"D28588B124586D2A005DE2E0"},"D613CE552006795400D60CC4":{"isa":"PBXBuildFile","fileRef":"D613CE542006795400D60CC4"},"D216C20E22E9749700045A9E":{"isa":"PBXBuildFile","fileRef":"D216C20C22E9749200045A9E"},"3AA018F0215BE73700838FBB":{"path":"BPKSpinnerSnapshotTest.m","isa":"PBXFileReference","lastKnownFileType":"sourcecode.c.objc","sourceTree":"<group>"},"6003F587195388D20070C39A":{"isa":"PBXFrameworksBuildPhase","buildActionMask":"2147483647","files":["6003F590195388D20070C39A","6003F592195388D20070C39A","6003F58E195388D20070C39A","006034DBB76C671434F6252A"],"runOnlyForDeploymentPostprocessing":"0"},"D2BBC1C822560FDD002DA71A":{"path":"BPKTableViewSelectableCell.swift","isa":"PBXFileReference","lastKnownFileType":"sourcecode.swift","sourceTree":"<group>","fileEncoding":"4"},"764D003A237DE4E300FE60AC":{"isa":"PBXBuildFile","fileRef":"764D0039237DE4E300FE60AC"},"D270C05F243B47810036A040":{"isa":"PBXBuildFile","fileRef":"D270C05D243B468A0036A040"},"D2B4FC452538A88800070BEC":{"path":"OverlayViewsSelectorViewController.swift","isa":"PBXFileReference","lastKnownFileType":"sourcecode.swift","sourceTree":"<group>","fileEncoding":"4"},"D6CE74F821243A4500154D92":{"path":"BPKBadgeTest.m","isa":"PBXFileReference","lastKnownFileType":"sourcecode.c.objc","sourceTree":"<group>"},"6003F5B9195388D20070C39A":{"path":"en.lproj\/InfoPlist.strings","isa":"PBXFileReference","name":"en","lastKnownFileType":"text.plist.strings","sourceTree":"<group>"},"D6ECFFFE241A8365004225E8":{"path":"Models","isa":"PBXGroup","children":["D6ECFFFF241A8378004225E8","D6EC0000241A8378004225E8"],"sourceTree":"<group>"},"873B8AEA1B1F5CCA007FD442":{"path":"Base.lproj\/Main.storyboard","isa":"PBXFileReference","lastKnownFileType":"file.storyboard","name":"Main.storyboard","sourceTree":"<group>","fileEncoding":"4"},"D60B2457262F256600A9AA32":{"path":"ToastStory.swift","isa":"PBXFileReference","lastKnownFileType":"sourcecode.swift","sourceTree":"<group>"},"D6FC4CCB261F0713000BA351":{"isa":"PBXBuildFile","fileRef":"D6FC4CCA261F0713000BA351"},"D2C49DB623856A55008D41FB":{"path":"Calendar.storyboard","isa":"PBXFileReference","lastKnownFileType":"file.storyboard","sourceTree":"<group>","fileEncoding":"4"},"6003F599195388D20070C39A":{"path":"main.m","isa":"PBXFileReference","lastKnownFileType":"sourcecode.c.objc","sourceTree":"<group>"},"D2C9CADE214685BC00AC30CF":{"path":"ColorsViewController.swift","isa":"PBXFileReference","lastKnownFileType":"sourcecode.swift","sourceTree":"<group>"},"A15061AA3F67A79468DBC7A2":{"isa":"PBXBuildFile","fileRef":"732AAEEA0C015F6E54AC4148"},"D23E2C13219204A900A15AAE":{"isa":"PBXBuildFile","fileRef":"D23E2C12219204A800A15AAE"},"6003F5B6195388D20070C39A":{"isa":"PBXGroup","name":"Supporting Files","children":["6003F5B7195388D20070C39A","6003F5B8195388D20070C39A","606FC2411953D9B200FFA9A0"],"sourceTree":"<group>"},"090E9C65F965012C0DF5C1E3":{"path":"..\/README.md","isa":"PBXFileReference","includeInIndex":"1","name":"README.md","lastKnownFileType":"net.daringfireball.markdown","sourceTree":"<group>"},"D27EE9292193159C00C877EA":{"path":"Chips.storyboard","isa":"PBXFileReference","lastKnownFileType":"file.storyboard","sourceTree":"<group>"},"6003F588195388D20070C39A":{"isa":"PBXResourcesBuildPhase","buildActionMask":"2147483647","files":["D6D6BB6421958C3200312C1C","D24D602B22F84CEC002847D1","60CE0F9B2189FC5000309211","873B8AEB1B1F5CCA007FD442","D278358D22EA2A81004C79CF","D27EE92A2193159C00C877EA","D2C4467023158479009E58A5","6003F5A9195388D20070C39A","D690703A215A39D30088C97B","D2B4FC3F2538A87600070BEC","E38947D222F5CB3300A357DB","D2CCB828243F538400788DEC","D233F00F2162159E00A07D9B","D2297C2D232A7F5A006E00E0","D2FF309021903B2500E06F96","D261F26822C0E52300A4A476","D2A350B622143F0700DEA01F","6003F598195388D20070C39A","D6B8D3B721417FFD00B0BFAB","D2C49DB723856A55008D41FB","D205510922675DAE00BC5BCC","D649E8EE212F0B6500B25A9E","58CFF14722D3837900C45B0B","D6DC0AF5216BBAE10003AC5D","D242176E252F6B5F00F449E4","D6D164A02153934500FFB667","D2EB965325C05E0800988978","D2B70FA42434EB350026282A","764D0038237DDD7600FE60AC"],"runOnlyForDeploymentPostprocessing":"0"},"D2BBC1C922560FDD002DA71A":{"isa":"PBXBuildFile","fileRef":"D2BBC1C822560FDD002DA71A"},"603658F525E419AD00A94126":{"isa":"PBXBuildFile","fileRef":"603658F425E419AD00A94126"},"D28588B124586D2A005DE2E0":{"path":"BPKBarChartSnapshotTest.m","isa":"PBXFileReference","lastKnownFileType":"sourcecode.c.objc","sourceTree":"<group>","fileEncoding":"4"},"60CE0F982189F99200309211":{"path":"SwitchesViewController.swift","isa":"PBXFileReference","lastKnownFileType":"sourcecode.swift","sourceTree":"<group>"},"D242176D252F6B5E00F449E4":{"path":"Spinners.storyboard","isa":"PBXFileReference","lastKnownFileType":"file.storyboard","sourceTree":"<group>","fileEncoding":"4"},"873B8AEB1B1F5CCA007FD442":{"isa":"PBXBuildFile","fileRef":"873B8AEA1B1F5CCA007FD442"},"D2A350B522143F0700DEA01F":{"path":"Settings.storyboard","isa":"PBXFileReference","lastKnownFileType":"file.storyboard","sourceTree":"<group>"},"D2B8A01B2147FF6A002290DE":{"isa":"PBXBuildFile","fileRef":"D2B8A01A2147FF6A002290DE"},"D68A296B2277242000CCB674":{"path":"BPKPrimaryGradientSnapshotTests.m","isa":"PBXFileReference","lastKnownFileType":"sourcecode.c.objc","sourceTree":"<group>"},"764D0037237DDD7600FE60AC":{"path":"Snackbar.storyboard","isa":"PBXFileReference","lastKnownFileType":"file.storyboard","sourceTree":"<group>"},"D6D6BB6321958C3200312C1C":{"path":"Gradients.storyboard","isa":"PBXFileReference","lastKnownFileType":"file.storyboard","sourceTree":"<group>"},"D686A73924128DA3000EDCCC":{"path":"BackpackUITestCase.swift","isa":"PBXFileReference","lastKnownFileType":"sourcecode.swift","sourceTree":"<group>"},"D251D2AB243664DF00E28B60":{"path":"BPKTabBarControllerTest.m","isa":"PBXFileReference","lastKnownFileType":"sourcecode.c.objc","sourceTree":"<group>","fileEncoding":"4"},"D2C9CADF214685BC00AC30CF":{"isa":"PBXBuildFile","fileRef":"D2C9CADE214685BC00AC30CF"},"D21AF43B2539E7CE00C8ED04":{"path":"BPKOverlayViewTest.m","isa":"PBXFileReference","lastKnownFileType":"sourcecode.c.objc","sourceTree":"<group>","fileEncoding":"4"},"D2046EB02253FE2A002B7165":{"path":"ExampleApp.swift","isa":"PBXFileReference","lastKnownFileType":"sourcecode.swift","sourceTree":"<group>","fileEncoding":"4"},"6003F5B7195388D20070C39A":{"path":"Tests-Info.plist","isa":"PBXFileReference","lastKnownFileType":"text.plist.xml","sourceTree":"<group>"},"D6B8D3B621417FFD00B0BFAB":{"path":"SnapshotTests-Info.plist","isa":"PBXFileReference","lastKnownFileType":"text.plist.xml","sourceTree":"<group>","fileEncoding":"4"},"D297B8FC23B90379008D094A":{"isa":"XCConfigurationList","defaultConfigurationIsVisible":"0","defaultConfigurationName":"Release","buildConfigurations":["D297B8FA23B90379008D094A","D297B8FB23B90379008D094A"]},"30FB0940CA92E2B9AD80DDBC":{"inputPaths":[],"buildActionMask":"2147483647","shellPath":"\/bin\/sh","showEnvVarsInLog":"0","isa":"PBXShellScriptBuildPhase","runOnlyForDeploymentPostprocessing":"0","outputPaths":[],"shellScript":"\"${PODS_ROOT}\/Target Support Files\/Pods-Backpack_Tests\/Pods-Backpack_Tests-frameworks.sh\"\n","files":[],"name":"[CP] Embed Pods Frameworks"},"E38947D122F5CB3300A357DB":{"path":"BottomSheet.storyboard","isa":"PBXFileReference","lastKnownFileType":"file.storyboard","sourceTree":"<group>"},"D2297C2C232A7F5A006E00E0":{"path":"Ratings.storyboard","isa":"PBXFileReference","lastKnownFileType":"file.storyboard","sourceTree":"<group>","fileEncoding":"4"},"760E41E1232A9BDC00A0CE8D":{"path":"BPKToastSnapshotTest.m","isa":"PBXFileReference","lastKnownFileType":"sourcecode.c.objc","sourceTree":"<group>"},"D295701622C34EC300797F47":{"isa":"PBXBuildFile","fileRef":"D295701422C34C9D00797F47"},"6003F597195388D20070C39A":{"path":"en.lproj\/InfoPlist.strings","isa":"PBXFileReference","name":"en","lastKnownFileType":"text.plist.strings","sourceTree":"<group>"},"5BDC00DF358FDC7E213EC2B3":{"path":"..\/LICENSE","isa":"PBXFileReference","includeInIndex":"1","name":"LICENSE","lastKnownFileType":"text","sourceTree":"<group>"},"D6EC0000241A8378004225E8":{"path":"BPKHorizontalNavigationOptionWithBackground.m","isa":"PBXFileReference","lastKnownFileType":"sourcecode.c.objc","sourceTree":"<group>"},"D270C05D243B468A0036A040":{"path":"BPKTabBarControllerSnapshotTest.m","isa":"PBXFileReference","lastKnownFileType":"sourcecode.c.objc","sourceTree":"<group>","fileEncoding":"4"},"D29349C22199C9190099D2EC":{"isa":"PBXBuildFile","fileRef":"D29349C12199C9190099D2EC"},"600E2ACE218B119000E959B3":{"path":"BPKSwitchSnapshotTest.m","isa":"PBXFileReference","lastKnownFileType":"sourcecode.c.objc","sourceTree":"<group>"},"D2297C28232A7F3F006E00E0":{"path":"RatingSelectorViewController.swift","isa":"PBXFileReference","lastKnownFileType":"sourcecode.swift","sourceTree":"<group>","fileEncoding":"4"},"6003F586195388D20070C39A":{"isa":"PBXSourcesBuildPhase","buildActionMask":"2147483647","files":["D219C1E02163918B00C9968D","E35EA59624212F9900373CE4","D27EE92C2193163900C877EA","D2BBC1C922560FDD002DA71A","603658D025E3E15D00A94126","D61ACE052306E238001C976E","D2A350BA2214435A00DEA01F","D6FC4CCB261F0713000BA351","D26B8B86219EAC72006FE706","D6EC0001241A8378004225E8","D282E867259E04F4000AD77E","3AA018EF215BE26600838FBB","6055821721523A1300BF9F3E","D20470402347875900A1BE48","D28784922250FCBD00353E32","D270C066243B61C60036A040","D6391600202CAAC8006E8329","D6FC4E582625DBF6000BA351","E397BEA222F5F59000C8EC04","D6B8CEB6217786F100BA52E8","D27396F922CA5C9D002E9E40","D2161D522146B8F40097D0B1","D2C9CADF214685BC00AC30CF","E397BEA422F5FCE500C8EC04","D2297C2A232A7F3F006E00E0","E38947D422F5F0E900A357DB","D2B8A01B2147FF6A002290DE","D217701825ACCC5E00C0FD8C","D6FC4DDC2620A826000BA351","D27E88402199A5D000C962BF","60AF37BD25E549EC00825050","D28443EB22FC42A30066F88B","3AA018F4215D000700838FBB","D2CD11E7215E4D83000CEA5C","6003F59E195388D20070C39A","D263EA8C22B7B5D400569757","60AF37C925E54B1000825050","D6FC4CF6261F11F5000BA351","764D003C237DE51000FE60AC","D6ECFFFA241A5BAE004225E8","D2B4FC482538A88900070BEC","D28784932250FCBD00353E32","60D302CF201B77F4006DBC18","D6907040215A4F2C0088C97B","D248159D260F79B100BCE6AD","D2D624AB231586F600D8ED38","D279B4BC23295117000F5898","D26E5A0C25A787060064D9F1","6036590A25E4200000A94126","D6FC4CD7261F0BE7000BA351","D26E5A0B25A787060064D9F1","603658EE25E416D600A94126","3A7D2D47214AB9F400ECBD5B","D2644E3022C0EB4E008B50C0","6048F77D2028BCE000C53A8B","D24A31D5219B147A009B75E4","760E41E72334EBDC00A0CE8D","D60B2458262F256600A9AA32","D2EB964C25C05DF600988978","D211A90C22D8B42B00447B64","8071379C25AF7974009869D1","D261F26C22C0E6B600A4A476","D2B4FC472538A88900070BEC","764D003A237DE4E300FE60AC","D643B6DE2142C36C008AB669","D2CCB82B243F544300788DEC","D2046EB12253FE2A002B7165","E397BEA622F5FFDD00C8EC04","D686A73D241293C0000EDCCC","D217702425ACCC9700C0FD8C","603658F525E419AD00A94126","D2297C2B232A7F3F006E00E0","D6FA3DB4224E220D00CFA094","6055821921523FAD00BF9F3E","6003F59A195388D20070C39A","7639E567232909C7004D7B09","D698E64F219C528100D03060","D269EE6025A3B30B00DB6450","D6DC0AF8216BBB2D0003AC5D","D217700C25ACCC0400C0FD8C","E38E82EC24165A40004273E9","D23E2C13219204A900A15AAE","6036590325E41F4000A94126","D24B548F22EA3E1E00ECD829","60CE0F992189F99200309211","58CFF14922D383C300C45B0B","D2D624AC231586F600D8ED38","603658D825E3E1CF00A94126","603658FC25E41EAA00A94126"],"runOnlyForDeploymentPostprocessing":"0"},"D20470402347875900A1BE48":{"isa":"PBXBuildFile","fileRef":"D204703F2347875900A1BE48"},"D68A296C2277242000CCB674":{"isa":"PBXBuildFile","fileRef":"D68A296B2277242000CCB674"},"D27055C425C9CD5C00EB9F66":{"isa":"PBXBuildFile","fileRef":"D27055B825C9CCA800EB9F66"},"D2A350B622143F0700DEA01F":{"isa":"PBXBuildFile","fileRef":"D2A350B522143F0700DEA01F"},"58CFF14822D383C300C45B0B":{"path":"StarRatingsViewController.swift","isa":"PBXFileReference","lastKnownFileType":"sourcecode.swift","sourceTree":"<group>"},"D2C4467023158479009E58A5":{"isa":"PBXBuildFile","fileRef":"D2C4466F23158479009E58A5"},"764D0038237DDD7600FE60AC":{"isa":"PBXBuildFile","fileRef":"764D0037237DDD7600FE60AC"},"D21AF44C2539EA8600C8ED04":{"path":"BPKOverlayViewSnapshotTest.m","isa":"PBXFileReference","lastKnownFileType":"sourcecode.c.objc","sourceTree":"<group>","fileEncoding":"4"},"D2D624AB231586F600D8ED38":{"isa":"PBXBuildFile","fileRef":"D2D624A9231586F500D8ED38"},"6003F5B1195388D20070C39A":{"isa":"PBXBuildFile","fileRef":"6003F58D195388D20070C39A"},"D251D2AC243664DF00E28B60":{"isa":"PBXBuildFile","fileRef":"D251D2AB243664DF00E28B60"},"60D302CD201B77B9006DBC18":{"path":"BPKSpacingsViewController.h","isa":"PBXFileReference","lastKnownFileType":"sourcecode.c.h","sourceTree":"<group>"},"589FD45522DE092800F252E9":{"isa":"PBXBuildFile","fileRef":"589FD45422DE092800F252E9"},"D21AF43C2539E7CE00C8ED04":{"isa":"PBXBuildFile","fileRef":"D21AF43B2539E7CE00C8ED04"},"D2046EB12253FE2A002B7165":{"isa":"PBXBuildFile","fileRef":"D2046EB02253FE2A002B7165"},"D6A1505F213FEEF000AAF968":{"isa":"PBXBuildFile","fileRef":"D6D81D62213FEEB90013BB96"},"D270C065243B61C60036A040":{"path":"TabBarControllerStoryViewController.swift","isa":"PBXFileReference","lastKnownFileType":"sourcecode.swift","sourceTree":"<group>","fileEncoding":"4"},"D690703A215A39D30088C97B":{"isa":"PBXBuildFile","fileRef":"D6907039215A39D30088C97B"},"D6B8D3B721417FFD00B0BFAB":{"isa":"PBXBuildFile","fileRef":"D6B8D3B621417FFD00B0BFAB"},"D217702425ACCC9700C0FD8C":{"isa":"PBXBuildFile","fileRef":"D217702325ACCC9700C0FD8C"},"E38947D222F5CB3300A357DB":{"isa":"PBXBuildFile","fileRef":"E38947D122F5CB3300A357DB"},"D2297C2D232A7F5A006E00E0":{"isa":"PBXBuildFile","fileRef":"D2297C2C232A7F5A006E00E0"},"760E41E2232A9BDC00A0CE8D":{"isa":"PBXBuildFile","fileRef":"760E41E1232A9BDC00A0CE8D"},"6003F598195388D20070C39A":{"isa":"PBXBuildFile","fileRef":"6003F596195388D20070C39A"},"D233F00F2162159E00A07D9B":{"isa":"PBXBuildFile","fileRef":"D233F00E2162159E00A07D9B"},"6003F5B5195388D20070C39A":{"path":"Tests","isa":"PBXGroup","children":["D2DACAEC25A75EDF0004BE39","D6CE74F821243A4500154D92","D22EB156239EA75A0090C65E","D21EB4C025EA7F2F00B21A01","D246C1F3216643B8001CB366","D29349BE2199C7650099D2EC","D613CE542006795400D60CC4","D283842A234381BE00E33EAD","D655C519200FA18100CB39AF","2F3F86CE20E1069200DAB2DD","D216C20F22E974A300045A9E","D696CA1F215CC09400682666","D649E8EF212F0DAA00B25A9E","D217FE5B262710A90095F1B3","D21AF43B2539E7CE00C8ED04","D6CE74F12124230000154D92","D24B548A22EA38D900ECD829","6048F7752028B8CB00C53A8B","D6391601202CAF07006E8329","D257C765236AE319006683F5","60127A712021B6BC00703622","589FD45422DE092800F252E9","D251D2AB243664DF00E28B60","D231E2B525AF312A0061E53E","D257C76B236AE402006683F5","D2B6450B23A01CB7001001B8","D2B6450C23A01CB7001001B8","D257C76C236AE402006683F5","D696CA21215CC1BD00682666","6003F5B6195388D20070C39A"],"sourceTree":"<group>"},"D6EC0001241A8378004225E8":{"isa":"PBXBuildFile","fileRef":"D6EC0000241A8378004225E8"},"D217701725ACCC5E00C0FD8C":{"path":"Presentable.swift","isa":"PBXFileReference","lastKnownFileType":"sourcecode.swift","sourceTree":"<group>"},"D297B8FA23B90379008D094A":{"isa":"XCBuildConfiguration","buildSettings":{"PROVISIONING_PROFILE":"","PRODUCT_BUNDLE_IDENTIFIER":"com.Skyscanner.Backpack-Screenshot","CLANG_CXX_LANGUAGE_STANDARD":"gnu++14","MTL_FAST_MATH":"YES","MTL_ENABLE_DEBUG_INFO":"INCLUDE_SOURCE","SWIFT_ACTIVE_COMPILATION_CONDITIONS":"DEBUG","TEST_TARGET_NAME":"Backpack-Native","DEBUG_INFORMATION_FORMAT":"dwarf","GCC_C_LANGUAGE_STANDARD":"gnu11","CODE_SIGN_STYLE":"Automatic","TARGETED_DEVICE_FAMILY":"1,2","CLANG_ANALYZER_NUMBER_OBJECT_CONVERSION":"YES_AGGRESSIVE","SWIFT_OPTIMIZATION_LEVEL":"-Onone","LD_RUNPATH_SEARCH_PATHS":"$(inherited) @executable_path\/Frameworks @loader_path\/Frameworks","CLANG_WARN_DOCUMENTATION_COMMENTS":"YES","SWIFT_VERSION":"5.0","PRODUCT_NAME":"$(TARGET_NAME)","IPHONEOS_DEPLOYMENT_TARGET":"13.5","CLANG_ANALYZER_NONNULL":"YES","CLANG_WARN_UNGUARDED_AVAILABILITY":"YES_AGGRESSIVE","CLANG_ENABLE_OBJC_WEAK":"YES","INFOPLIST_FILE":"Backpack Screenshot\/Info.plist"},"name":"Debug"},"D2297C29232A7F3F006E00E0":{"path":"RatingsViewController.swift","isa":"PBXFileReference","lastKnownFileType":"sourcecode.swift","sourceTree":"<group>","fileEncoding":"4"},"D216C21222E974B100045A9E":{"path":"HorizontalNavigationUITest.swift","isa":"PBXFileReference","lastKnownFileType":"sourcecode.swift","sourceTree":"<group>","fileEncoding":"4"},"D217FE6C26281FA40095F1B3":{"path":"BPKNudgerSnapshotTest.m","isa":"PBXFileReference","lastKnownFileType":"sourcecode.c.objc","sourceTree":"<group>","fileEncoding":"4"},"603658F425E419AD00A94126":{"path":"CalendarStory.swift","isa":"PBXFileReference","lastKnownFileType":"sourcecode.swift","sourceTree":"<group>"},"6003F595195388D20070C39A":{"path":"Backpack-Info.plist","isa":"PBXFileReference","lastKnownFileType":"text.plist.xml","sourceTree":"<group>"},"58CFF14922D383C300C45B0B":{"isa":"PBXBuildFile","fileRef":"58CFF14822D383C300C45B0B"},"D26B8B86219EAC72006FE706":{"isa":"PBXBuildFile","fileRef":"D26B8B85219EAC72006FE706"},"D29349BE2199C7650099D2EC":{"path":"BPKChipTest.m","isa":"PBXFileReference","lastKnownFileType":"sourcecode.c.objc","sourceTree":"<group>"},"E38E82EC24165A40004273E9":{"isa":"PBXBuildFile","fileRef":"E38E82EB24165A40004273E9"},"D6B7C244220C916C00671624":{"path":"BPKIconViewSnapshotTest.m","isa":"PBXFileReference","lastKnownFileType":"sourcecode.c.objc","sourceTree":"<group>"},"D2D624AC231586F600D8ED38":{"isa":"PBXBuildFile","fileRef":"D2D624AA231586F600D8ED38"},"6003F5B2195388D20070C39A":{"isa":"PBXBuildFile","fileRef":"6003F591195388D20070C39A"},"D282E865259E04F3000AD77E":{"path":"TextFieldsViewController.swift","isa":"PBXFileReference","lastKnownFileType":"sourcecode.swift","sourceTree":"<group>","fileEncoding":"4"},"603658D025E3E15D00A94126":{"isa":"PBXBuildFile","fileRef":"603658CF25E3E15D00A94126"},"D2161D4F2146B8910097D0B1":{"path":"Views","isa":"PBXGroup","children":["D2161D502146B8D50097D0B1","D202BD2E219AE88C007906A7","D2B8A0192147FF49002290DE","D23E2C12219204A800A15AAE","D2BBC1C822560FDD002DA71A","D6ECFFF9241A5BAE004225E8"],"sourceTree":"<group>"},"D6D81D5D213FEE800013BB96":{"baseConfigurationReference":"7AF4BFD91A5D1EA30FE75098","isa":"XCBuildConfiguration","buildSettings":{"LD_RUNPATH_SEARCH_PATHS":"$(inherited) @executable_path\/Frameworks @loader_path\/Frameworks","GCC_TREAT_WARNINGS_AS_ERRORS":"YES","BUNDLE_LOADER":"$(TEST_HOST)","CLANG_WARN_OBJC_IMPLICIT_RETAIN_SELF":"YES","CLANG_WARN_DEPRECATED_OBJC_IMPLEMENTATIONS":"YES","CLANG_ENABLE_MODULES":"YES","INFOPLIST_FILE":"SnapshotTests\/SnapshotTests-Info.plist","GCC_WARN_UNUSED_LABEL":"YES","TEST_HOST":"$(BUILT_PRODUCTS_DIR)\/Backpack-Native.app\/Backpack-Native","ALWAYS_EMBED_SWIFT_STANDARD_LIBRARIES":"YES","WRAPPER_EXTENSION":"xctest","GCC_WARN_STRICT_SELECTOR_MATCH":"YES","GCC_PRECOMPILE_PREFIX_HEADER":"YES","PRODUCT_NAME":"$(TARGET_NAME)","PRODUCT_BUNDLE_IDENTIFIER":"org.cocoapods.demo.${PRODUCT_NAME:rfc1034identifier}","GCC_PREFIX_HEADER":"Tests\/Tests-Prefix.pch"},"name":"Release"},"D6B8CEB5217786F100BA52E8":{"path":"LabelsViewController.swift","isa":"PBXFileReference","lastKnownFileType":"sourcecode.swift","sourceTree":"<group>"},"D270C066243B61C60036A040":{"isa":"PBXBuildFile","fileRef":"D270C065243B61C60036A040"},"D24B548B22EA38D900ECD829":{"isa":"PBXBuildFile","fileRef":"D24B548A22EA38D900ECD829"},"D2B8A01A2147FF6A002290DE":{"path":"PreviewCollectionViewHeader.swift","isa":"PBXFileReference","lastKnownFileType":"sourcecode.swift","sourceTree":"<group>"},"E397BEA422F5FCE500C8EC04":{"isa":"PBXBuildFile","fileRef":"E397BEA322F5FCE500C8EC04"},"D6CD7F0821BFF8210030FAD7":{"isa":"PBXBuildFile","fileRef":"D6CD7F0721BFF8210030FAD7"},"D686A73B241292F3000EDCCC":{"path":"UIViewController+UITesting.swift","isa":"PBXFileReference","lastKnownFileType":"sourcecode.swift","sourceTree":"<group>"},"D6517B48216DF5F800D85FF9":{"isa":"XCConfigurationList","defaultConfigurationIsVisible":"0","defaultConfigurationName":"Release","buildConfigurations":["D6517B46216DF5F800D85FF9","D6517B47216DF5F800D85FF9"]},"D2EB965225C05E0800988978":{"path":"Map.storyboard","isa":"PBXFileReference","lastKnownFileType":"file.storyboard","sourceTree":"<group>","fileEncoding":"4"},"D655C51A200FA18100CB39AF":{"isa":"PBXBuildFile","fileRef":"D655C519200FA18100CB39AF"},"D217701825ACCC5E00C0FD8C":{"isa":"PBXBuildFile","fileRef":"D217701725ACCC5E00C0FD8C"},"6003F5C4195388D20070C39A":{"baseConfigurationReference":"7F1C7617095FBE509B1D5D95","isa":"XCBuildConfiguration","buildSettings":{"GCC_TREAT_WARNINGS_AS_ERRORS":"YES","BUNDLE_LOADER":"$(TEST_HOST)","CLANG_WARN_OBJC_IMPLICIT_RETAIN_SELF":"YES","DEVELOPMENT_TEAM":"","SWIFT_SWIFT3_OBJC_INFERENCE":"Default","INFOPLIST_FILE":"Tests\/Tests-Info.plist","CLANG_WARN_DEPRECATED_OBJC_IMPLEMENTATIONS":"YES","GCC_WARN_UNUSED_LABEL":"YES","TEST_HOST":"$(BUILT_PRODUCTS_DIR)\/Backpack-Native.app\/Backpack-Native","ALWAYS_EMBED_SWIFT_STANDARD_LIBRARIES":"YES","WRAPPER_EXTENSION":"xctest","GCC_WARN_STRICT_SELECTOR_MATCH":"YES","GCC_PRECOMPILE_PREFIX_HEADER":"YES","PRODUCT_NAME":"$(TARGET_NAME)","PRODUCT_BUNDLE_IDENTIFIER":"org.cocoapods.demo.${PRODUCT_NAME:rfc1034identifier}","SWIFT_VERSION":"5.0","GCC_PREFIX_HEADER":"Tests\/Tests-Prefix.pch"},"name":"Release"},"D297B8FB23B90379008D094A":{"isa":"XCBuildConfiguration","buildSettings":{"PROVISIONING_PROFILE":"","PRODUCT_BUNDLE_IDENTIFIER":"com.Skyscanner.Backpack-Screenshot","CLANG_CXX_LANGUAGE_STANDARD":"gnu++14","MTL_FAST_MATH":"YES","MTL_ENABLE_DEBUG_INFO":"NO","TEST_TARGET_NAME":"Backpack-Native","DEBUG_INFORMATION_FORMAT":"dwarf-with-dsym","GCC_C_LANGUAGE_STANDARD":"gnu11","CODE_SIGN_STYLE":"Automatic","TARGETED_DEVICE_FAMILY":"1,2","CLANG_ANALYZER_NUMBER_OBJECT_CONVERSION":"YES_AGGRESSIVE","SWIFT_OPTIMIZATION_LEVEL":"-O","COPY_PHASE_STRIP":"NO","LD_RUNPATH_SEARCH_PATHS":"$(inherited) @executable_path\/Frameworks @loader_path\/Frameworks","CLANG_WARN_DOCUMENTATION_COMMENTS":"YES","SWIFT_VERSION":"5.0","PRODUCT_NAME":"$(TARGET_NAME)","IPHONEOS_DEPLOYMENT_TARGET":"13.5","CLANG_ANALYZER_NONNULL":"YES","CLANG_WARN_UNGUARDED_AVAILABILITY":"YES_AGGRESSIVE","CLANG_ENABLE_OBJC_WEAK":"YES","INFOPLIST_FILE":"Backpack Screenshot\/Info.plist"},"name":"Release"},"D216C21322E974B100045A9E":{"isa":"PBXBuildFile","fileRef":"D216C21222E974B100045A9E"},"455FB6E0E01310446E946427":{"xcLanguageSpecificationIdentifier":"xcode.lang.ruby","sourceTree":"<group>","isa":"PBXFileReference","includeInIndex":"1","path":"..\/Backpack.podspec","lastKnownFileType":"text","name":"Backpack.podspec"},"BB36C7EE82AEA4457426F7DE":{"isa":"PBXBuildFile"},"D269EE5F25A3B30A00DB6450":{"path":"NavigationData.swift","isa":"PBXFileReference","lastKnownFileType":"sourcecode.swift","sourceTree":"<group>","fileEncoding":"4"},"D6DC0AF8216BBB2D0003AC5D":{"isa":"PBXBuildFile","fileRef":"D6DC0AF6216BBB2C0003AC5D"},"D297B8FD23B9038D008D094A":{"isa":"PBXBuildFile","fileRef":"D28D0E8323B21BE4008B4C09"},"D2475A05232B69BD00DB9A3E":{"path":"BPKRatingSnapshotTest.m","isa":"PBXFileReference","lastKnownFileType":"sourcecode.c.objc","sourceTree":"<group>","fileEncoding":"4"},"732AAEEA0C015F6E54AC4148":{"path":"Pods_Backpack_Tests.framework","isa":"PBXFileReference","includeInIndex":"0","explicitFileType":"wrapper.framework","sourceTree":"BUILT_PRODUCTS_DIR"},"D6D81D5E213FEE800013BB96":{"path":"Backpack_SnapshotTests.xctest","isa":"PBXFileReference","includeInIndex":"0","explicitFileType":"wrapper.cfbundle","sourceTree":"BUILT_PRODUCTS_DIR"},"EDBC7CA36756032862B5D581":{"path":"Pods_Backpack_Native.framework","isa":"PBXFileReference","includeInIndex":"0","explicitFileType":"wrapper.framework","sourceTree":"BUILT_PRODUCTS_DIR"},"6003F596195388D20070C39A":{"isa":"PBXVariantGroup","name":"InfoPlist.strings","children":["6003F597195388D20070C39A"],"sourceTree":"<group>"},"D29349C12199C9190099D2EC":{"path":"BPKChipSnapshotTest.m","isa":"PBXFileReference","lastKnownFileType":"sourcecode.c.objc","sourceTree":"<group>"},"D211A90C22D8B42B00447B64":{"isa":"PBXBuildFile","fileRef":"D211A90A22D8B42B00447B64"},"60AF37BD25E549EC00825050":{"isa":"PBXBuildFile","fileRef":"60AF37BC25E549EC00825050"},"D27055B825C9CCA800EB9F66":{"path":"BPKMapSnapshotTest.m","isa":"PBXFileReference","lastKnownFileType":"sourcecode.c.objc","sourceTree":"<group>","fileEncoding":"4"},"D6B8CEB6217786F100BA52E8":{"isa":"PBXBuildFile","fileRef":"D6B8CEB5217786F100BA52E8"},"E9BCCEB5F97CE209BCB4B278":{"path":"Pods\/Target Support Files\/Pods-Backpack_SnapshotTests\/Pods-Backpack_SnapshotTests.debug.xcconfig","isa":"PBXFileReference","includeInIndex":"1","name":"Pods-Backpack_SnapshotTests.debug.xcconfig","lastKnownFileType":"text.xcconfig","sourceTree":"<group>"},"D295701422C34C9D00797F47":{"path":"BPKTappableLinkLabelSnapshotTest.m","isa":"PBXFileReference","lastKnownFileType":"sourcecode.c.objc","sourceTree":"<group>","fileEncoding":"4"},"D216C20F22E974A300045A9E":{"path":"BPKHorizontalNavigationTest.m","isa":"PBXFileReference","lastKnownFileType":"sourcecode.c.objc","sourceTree":"<group>","fileEncoding":"4"},"6003F5C1195388D20070C39A":{"baseConfigurationReference":"3DDD5D1DB6A77816BAA9481F","isa":"XCBuildConfiguration","buildSettings":{"CLANG_WARN_DEPRECATED_OBJC_IMPLEMENTATIONS":"YES","CLANG_WARN_OBJC_IMPLICIT_RETAIN_SELF":"YES","DEVELOPMENT_TEAM":"","CLANG_ENABLE_MODULES":"YES","CLANG_WARN_ASSIGN_ENUM":"YES","PRODUCT_BUNDLE_IDENTIFIER":"org.skyscanner.Backpack-Example","SWIFT_SWIFT3_OBJC_INFERENCE":"Default","GCC_PREFIX_HEADER":"Backpack\/Backpack-Prefix.pch","GCC_WARN_UNUSED_PARAMETER":"NO","MODULE_NAME":"ExampleApp","ASSETCATALOG_COMPILER_APPICON_NAME":"AppIcon","GCC_PRECOMPILE_PREFIX_HEADER":"YES","LD_RUNPATH_SEARCH_PATHS":"$(inherited) @executable_path\/Frameworks","SWIFT_VERSION":"5.0","PRODUCT_NAME":"Backpack-Native","IPHONEOS_DEPLOYMENT_TARGET":"12.0","GCC_TREAT_WARNINGS_AS_ERRORS":"YES","SWIFT_OBJC_BRIDGING_HEADER":"Backpack\/Backpack Native-Bridging-Header.h","GCC_WARN_SHADOW":"YES","GCC_WARN_UNUSED_LABEL":"YES","GCC_WARN_STRICT_SELECTOR_MATCH":"YES","WRAPPER_EXTENSION":"app","GCC_WARN_ABOUT_MISSING_NEWLINE":"YES","INFOPLIST_FILE":"Backpack\/Backpack-Info.plist"},"name":"Release"},"D6D81D5B213FEE800013BB96":{"isa":"XCConfigurationList","defaultConfigurationIsVisible":"0","defaultConfigurationName":"Release","buildConfigurations":["D6D81D5C213FEE800013BB96","D6D81D5D213FEE800013BB96"]},"D2B6450C23A01CB7001001B8":{"path":"BPKTestFontDefinition.m","isa":"PBXFileReference","lastKnownFileType":"sourcecode.c.objc","sourceTree":"<group>","fileEncoding":"4"},"6003F593195388D20070C39A":{"path":"Backpack","isa":"PBXGroup","name":"Example for Backpack","children":["603658D625E3E1BD00A94126","603658CF25E3E15D00A94126","60AF37BC25E549EC00825050","D217702325ACCC9700C0FD8C","D217701725ACCC5E00C0FD8C","D217700B25ACCC0400C0FD8C","D269EE5F25A3B30A00DB6450","D6ECFFFE241A8365004225E8","D22FB970230C0E950023DC72","D6FA3DB2224E21F800CFA094","D2161D4F2146B8910097D0B1","D655C515200F9B9200CB39AF","6003F594195388D20070C39A","6003F5A8195388D20070C39A","D205510722675DAE00BC5BCC","D2046EB02253FE2A002B7165","6003F59C195388D20070C39A","6003F59D195388D20070C39A","D643B6DC2142C36B008AB669","873B8AEA1B1F5CCA007FD442","D2A350B522143F0700DEA01F","D2FF308F21903B2500E06F96","D2CCB827243F538400788DEC","E38947D122F5CB3300A357DB","D6D1649F2153934500FFB667","D233F00E2162159E00A07D9B","D2C49DB623856A55008D41FB","D27EE9292193159C00C877EA","D6DC0AF4216BBAE10003AC5D","D6D6BB6321958C3200312C1C","D6907039215A39D30088C97B","D2EB965225C05E0800988978","D2B4FC3E2538A87600070BEC","D2C4466F23158479009E58A5","D278358C22EA2A81004C79CF","D2297C2C232A7F5A006E00E0","764D0037237DDD7600FE60AC","D242176D252F6B5E00F449E4","58CFF14622D3837900C45B0B","60CE0F9A2189FC5000309211","D2B70FA32434EB350026282A","D261F26722C0E52300A4A476","D24D602A22F84CEC002847D1"],"sourceTree":"<group>"},"D231E2B525AF312A0061E53E":{"path":"BPKTabBarItemTest.swift","isa":"PBXFileReference","lastKnownFileType":"sourcecode.swift","sourceTree":"<group>"},"D2D624AA231586F600D8ED38":{"path":"PanelViewController.swift","isa":"PBXFileReference","lastKnownFileType":"sourcecode.swift","sourceTree":"<group>","fileEncoding":"4"},"6003F5B0195388D20070C39A":{"isa":"PBXBuildFile","fileRef":"6003F5AF195388D20070C39A"},"D26017DD25C83A8800FAB768":{"path":"BPKMapAnnotationSnapshotTest.m","isa":"PBXFileReference","lastKnownFileType":"sourcecode.c.objc","sourceTree":"<group>","fileEncoding":"4"},"589FD45422DE092800F252E9":{"path":"BPKStarRatingTest.m","isa":"PBXFileReference","lastKnownFileType":"sourcecode.c.objc","sourceTree":"<group>"},"D257C765236AE319006683F5":{"path":"BPKSimpleDateTest.m","isa":"PBXFileReference","lastKnownFileType":"sourcecode.c.objc","sourceTree":"<group>","fileEncoding":"4"},"603658EE25E416D600A94126":{"isa":"PBXBuildFile","fileRef":"603658ED25E416D600A94126"},"D2EB965325C05E0800988978":{"isa":"PBXBuildFile","fileRef":"D2EB965225C05E0800988978"},"D257C76A236AE3FB006683F5":{"isa":"PBXBuildFile","fileRef":"D257C768236AE3FB006683F5"},"D6A1505E213FEEF000AAF968":{"isa":"PBXBuildFile","fileRef":"D6D81D61213FEEB90013BB96"},"D643B6DC2142C36B008AB669":{"path":"Backpack Native-Bridging-Header.h","isa":"PBXFileReference","lastKnownFileType":"sourcecode.c.h","sourceTree":"<group>"},"6055821621523A1300BF9F3E":{"path":"IconsViewController.swift","isa":"PBXFileReference","lastKnownFileType":"sourcecode.swift","sourceTree":"<group>"},"782479CD323E255D5E06A104":{"inputPaths":["${PODS_PODFILE_DIR_PATH}\/Podfile.lock","${PODS_ROOT}\/Manifest.lock"],"buildActionMask":"2147483647","shellPath":"\/bin\/sh","showEnvVarsInLog":"0","isa":"PBXShellScriptBuildPhase","runOnlyForDeploymentPostprocessing":"0","outputPaths":["$(DERIVED_FILE_DIR)\/Pods-Backpack_Tests-checkManifestLockResult.txt"],"shellScript":"diff \"${PODS_PODFILE_DIR_PATH}\/Podfile.lock\" \"${PODS_ROOT}\/Manifest.lock\" > \/dev\/null\nif [ $? != 0 ] ; then\n    # print error to STDERR\n    echo \"error: The sandbox is not in sync with the Podfile.lock. Run 'pod install' or update your CocoaPods installation.\" >&2\n    exit 1\nfi\n# This output is used by Xcode 'outputs' to avoid re-running this script phase.\necho \"SUCCESS\" > \"${SCRIPT_OUTPUT_FILE_0}\"\n","files":[],"name":"[CP] Check Pods Manifest.lock"},"D217702325ACCC9700C0FD8C":{"path":"AppStructure.swift","isa":"PBXFileReference","lastKnownFileType":"sourcecode.swift","sourceTree":"<group>"},"D279B4BB23295116000F5898":{"path":"ChipSelectorViewController.swift","isa":"PBXFileReference","lastKnownFileType":"sourcecode.swift","sourceTree":"<group>","fileEncoding":"4"},"D297B8FE23B9038D008D094A":{"isa":"PBXBuildFile","fileRef":"D28D0E8123B2183D008B4C09"},"699EB6BD228CC6C604691703":{"path":"Pods_Backpack_SnapshotTests.framework","isa":"PBXFileReference","includeInIndex":"0","explicitFileType":"wrapper.framework","sourceTree":"BUILT_PRODUCTS_DIR"},"D6517B46216DF5F800D85FF9":{"isa":"XCBuildConfiguration","buildSettings":{"PROVISIONING_PROFILE":"","CLANG_WARN_OBJC_IMPLICIT_RETAIN_SELF":"YES","CLANG_ENABLE_MODULES":"YES","CLANG_CXX_LANGUAGE_STANDARD":"gnu++14","PRODUCT_BUNDLE_IDENTIFIER":"org.skyscanner.Backpack-NativeUITests","MTL_FAST_MATH":"YES","MTL_ENABLE_DEBUG_INFO":"INCLUDE_SOURCE","SWIFT_ACTIVE_COMPILATION_CONDITIONS":"DEBUG","TEST_TARGET_NAME":"Backpack-Native","DEBUG_INFORMATION_FORMAT":"dwarf","GCC_C_LANGUAGE_STANDARD":"gnu11","CODE_SIGN_STYLE":"Automatic","TARGETED_DEVICE_FAMILY":"1,2","CLANG_ANALYZER_NUMBER_OBJECT_CONVERSION":"YES_AGGRESSIVE","SWIFT_OPTIMIZATION_LEVEL":"-Onone","LD_RUNPATH_SEARCH_PATHS":"$(inherited) @executable_path\/Frameworks @loader_path\/Frameworks","CLANG_WARN_DOCUMENTATION_COMMENTS":"YES","PRODUCT_NAME":"$(TARGET_NAME)","IPHONEOS_DEPLOYMENT_TARGET":"12.0","CODE_SIGN_IDENTITY":"iPhone Developer","CLANG_ANALYZER_NONNULL":"YES","CLANG_WARN_UNGUARDED_AVAILABILITY":"YES_AGGRESSIVE","SWIFT_OBJC_BRIDGING_HEADER":"Backpack NativeUITests\/Backpack NativeUITests-Bridging-Header.h","SWIFT_VERSION":"5.0","CLANG_ENABLE_OBJC_WEAK":"YES","CLANG_WARN_DEPRECATED_OBJC_IMPLEMENTATIONS":"YES","INFOPLIST_FILE":"Backpack NativeUITests\/Info.plist"},"name":"Debug"},"D233F00E2162159E00A07D9B":{"path":"Cards.storyboard","isa":"PBXFileReference","lastKnownFileType":"file.storyboard","sourceTree":"<group>"},"6003F5C2195388D20070C39A":{"isa":"XCConfigurationList","defaultConfigurationIsVisible":"0","defaultConfigurationName":"Release","buildConfigurations":["6003F5C3195388D20070C39A","6003F5C4195388D20070C39A"]},"D6D81D63213FEEB90013BB96":{"path":"BPKPanelSnapshotTest.m","isa":"PBXFileReference","lastKnownFileType":"sourcecode.c.objc","sourceTree":"<group>","fileEncoding":"4"},"764D0039237DE4E300FE60AC":{"path":"SnackbarSelectorViewController.swift","isa":"PBXFileReference","lastKnownFileType":"sourcecode.swift","sourceTree":"<group>"},"60CE0F9B2189FC5000309211":{"isa":"PBXBuildFile","fileRef":"60CE0F9A2189FC5000309211"},"D28784932250FCBD00353E32":{"isa":"PBXBuildFile","fileRef":"D28784912250FCBD00353E32"},"D283842C234381C800E33EAD":{"isa":"PBXBuildFile","fileRef":"D283842A234381BE00E33EAD"},"D2B6450D23A01CB7001001B8":{"isa":"PBXBuildFile","fileRef":"D2B6450C23A01CB7001001B8"},"D26B8B85219EAC72006FE706":{"path":"BadgesViewController.swift","isa":"PBXFileReference","lastKnownFileType":"sourcecode.swift","sourceTree":"<group>"},"E38E82EB24165A40004273E9":{"path":"BottomSheetContentViewController.swift","isa":"PBXFileReference","lastKnownFileType":"sourcecode.swift","sourceTree":"<group>"},"6003F594195388D20070C39A":{"isa":"PBXGroup","name":"Supporting Files","children":["6003F595195388D20070C39A","6003F596195388D20070C39A","6003F599195388D20070C39A","6003F59B195388D20070C39A","D649E8ED212F0B6500B25A9E"],"sourceTree":"<group>"},"D6D81D5C213FEE800013BB96":{"baseConfigurationReference":"E9BCCEB5F97CE209BCB4B278","isa":"XCBuildConfiguration","buildSettings":{"GCC_TREAT_WARNINGS_AS_ERRORS":"YES","BUNDLE_LOADER":"$(TEST_HOST)","CLANG_WARN_OBJC_IMPLICIT_RETAIN_SELF":"YES","LD_RUNPATH_SEARCH_PATHS":"$(inherited) @executable_path\/Frameworks @loader_path\/Frameworks","CLANG_WARN_DEPRECATED_OBJC_IMPLEMENTATIONS":"YES","CLANG_ENABLE_MODULES":"YES","INFOPLIST_FILE":"SnapshotTests\/SnapshotTests-Info.plist","GCC_WARN_UNUSED_LABEL":"YES","TEST_HOST":"$(BUILT_PRODUCTS_DIR)\/Backpack-Native.app\/Backpack-Native","ALWAYS_EMBED_SWIFT_STANDARD_LIBRARIES":"YES","WRAPPER_EXTENSION":"xctest","GCC_WARN_STRICT_SELECTOR_MATCH":"YES","GCC_PREPROCESSOR_DEFINITIONS":["DEBUG=1","$(inherited)"],"GCC_PRECOMPILE_PREFIX_HEADER":"YES","PRODUCT_BUNDLE_IDENTIFIER":"org.cocoapods.demo.${PRODUCT_NAME:rfc1034identifier}","PRODUCT_NAME":"$(TARGET_NAME)","GCC_PREFIX_HEADER":"Tests\/Tests-Prefix.pch"},"name":"Debug"},"D231E2B625AF312A0061E53E":{"isa":"PBXBuildFile","fileRef":"D231E2B525AF312A0061E53E"},"D211A90A22D8B42B00447B64":{"path":"HorizontalNavViewController.swift","isa":"PBXFileReference","lastKnownFileType":"sourcecode.swift","sourceTree":"<group>","fileEncoding":"4"},"6055821721523A1300BF9F3E":{"isa":"PBXBuildFile","fileRef":"6055821621523A1300BF9F3E"},"D24B548A22EA38D900ECD829":{"path":"BPKProgressBarTest.m","isa":"PBXFileReference","lastKnownFileType":"sourcecode.c.objc","sourceTree":"<group>","fileEncoding":"4"},"6003F591195388D20070C39A":{"path":"System\/Library\/Frameworks\/UIKit.framework","isa":"PBXFileReference","name":"UIKit.framework","lastKnownFileType":"wrapper.framework","sourceTree":"SDKROOT"},"E397BEA322F5FCE500C8EC04":{"path":"BottomSheetBottomSectionVIewController.swift","isa":"PBXFileReference","lastKnownFileType":"sourcecode.swift","sourceTree":"<group>"},"D6CD7F0721BFF8210030FAD7":{"path":"BPKCalendarYearPillSnapshotTest.m","isa":"PBXFileReference","lastKnownFileType":"sourcecode.c.objc","sourceTree":"<group>"},"D6517B47216DF5F800D85FF9":{"isa":"XCBuildConfiguration","buildSettings":{"PROVISIONING_PROFILE":"","CLANG_WARN_OBJC_IMPLICIT_RETAIN_SELF":"YES","CLANG_ENABLE_MODULES":"YES","CLANG_CXX_LANGUAGE_STANDARD":"gnu++14","PRODUCT_BUNDLE_IDENTIFIER":"org.skyscanner.Backpack-NativeUITests","MTL_FAST_MATH":"YES","MTL_ENABLE_DEBUG_INFO":"NO","TEST_TARGET_NAME":"Backpack-Native","DEBUG_INFORMATION_FORMAT":"dwarf-with-dsym","GCC_C_LANGUAGE_STANDARD":"gnu11","CODE_SIGN_STYLE":"Automatic","TARGETED_DEVICE_FAMILY":"1,2","CLANG_ANALYZER_NUMBER_OBJECT_CONVERSION":"YES_AGGRESSIVE","SWIFT_OPTIMIZATION_LEVEL":"-Owholemodule","COPY_PHASE_STRIP":"NO","LD_RUNPATH_SEARCH_PATHS":"$(inherited) @executable_path\/Frameworks @loader_path\/Frameworks","CLANG_WARN_DOCUMENTATION_COMMENTS":"YES","CLANG_WARN_UNGUARDED_AVAILABILITY":"YES_AGGRESSIVE","IPHONEOS_DEPLOYMENT_TARGET":"12.0","CODE_SIGN_IDENTITY":"iPhone Developer","CLANG_ANALYZER_NONNULL":"YES","PRODUCT_NAME":"$(TARGET_NAME)","SWIFT_OBJC_BRIDGING_HEADER":"Backpack NativeUITests\/Backpack NativeUITests-Bridging-Header.h","SWIFT_VERSION":"5.0","CLANG_ENABLE_OBJC_WEAK":"YES","CLANG_WARN_DEPRECATED_OBJC_IMPLEMENTATIONS":"YES","INFOPLIST_FILE":"Backpack NativeUITests\/Info.plist"},"name":"Release"},"D655C519200FA18100CB39AF":{"path":"BPKFontTest.m","isa":"PBXFileReference","lastKnownFileType":"sourcecode.c.objc","sourceTree":"<group>"},"6048F77C2028BCE000C53A8B":{"path":"BPKRadiiViewController.m","isa":"PBXFileReference","lastKnownFileType":"sourcecode.c.objc","sourceTree":"<group>"},"D649E8F0212F0DAA00B25A9E":{"isa":"PBXBuildFile","fileRef":"D649E8EF212F0DAA00B25A9E"},"D6391601202CAF07006E8329":{"path":"BPKShadowTest.m","isa":"PBXFileReference","lastKnownFileType":"sourcecode.c.objc","sourceTree":"<group>"},"6003F5C3195388D20070C39A":{"baseConfigurationReference":"8D78AD47823950385EC6D00E","isa":"XCBuildConfiguration","buildSettings":{"GCC_TREAT_WARNINGS_AS_ERRORS":"YES","BUNDLE_LOADER":"$(TEST_HOST)","CLANG_WARN_OBJC_IMPLICIT_RETAIN_SELF":"YES","DEVELOPMENT_TEAM":"","SWIFT_SWIFT3_OBJC_INFERENCE":"Default","INFOPLIST_FILE":"Tests\/Tests-Info.plist","PRODUCT_NAME":"$(TARGET_NAME)","GCC_WARN_UNUSED_LABEL":"YES","TEST_HOST":"$(BUILT_PRODUCTS_DIR)\/Backpack-Native.app\/Backpack-Native","ALWAYS_EMBED_SWIFT_STANDARD_LIBRARIES":"YES","CLANG_WARN_DEPRECATED_OBJC_IMPLEMENTATIONS":"YES","WRAPPER_EXTENSION":"xctest","GCC_WARN_STRICT_SELECTOR_MATCH":"YES","SWIFT_VERSION":"5.0","GCC_PREPROCESSOR_DEFINITIONS":["DEBUG=1","$(inherited)"],"GCC_PRECOMPILE_PREFIX_HEADER":"YES","PRODUCT_BUNDLE_IDENTIFIER":"org.cocoapods.demo.${PRODUCT_NAME:rfc1034identifier}","GCC_PREFIX_HEADER":"Tests\/Tests-Prefix.pch"},"name":"Debug"},"D2B4FC3F2538A87600070BEC":{"isa":"PBXBuildFile","fileRef":"D2B4FC3E2538A87600070BEC"},"D6517B44216DF5F800D85FF9":{"isa":"PBXContainerItemProxy","containerPortal":"6003F582195388D10070C39A","remoteGlobalIDString":"6003F589195388D20070C39A","remoteInfo":"Backpack Native","proxyType":"1"},"D202BD2E219AE88C007906A7":{"path":"CollectionView FlowLayouts","isa":"PBXGroup","children":["D24A31D4219B147A009B75E4"],"sourceTree":"<group>"},"71BBEC91A179922B39796E66":{"isa":"PBXBuildFile","fileRef":"699EB6BD228CC6C604691703"},"D6B7C246220C917100671624":{"isa":"PBXBuildFile","fileRef":"D6B7C244220C916C00671624"},"D2FBC4AC236AE68D00331506":{"isa":"PBXBuildFile","fileRef":"D257C76C236AE402006683F5"},"D269EE6025A3B30B00DB6450":{"isa":"PBXBuildFile","fileRef":"D269EE5F25A3B30A00DB6450"},"60AF37BC25E549EC00825050":{"path":"StoryGroup.swift","isa":"PBXFileReference","lastKnownFileType":"sourcecode.swift","sourceTree":"<group>"},"D2B70FA32434EB350026282A":{"path":"TabBarControllers.storyboard","isa":"PBXFileReference","lastKnownFileType":"file.storyboard","sourceTree":"<group>","fileEncoding":"4"},"54DDBEECFBF1FCED05A9179D":{"path":"Pods\/Target Support Files\/Pods-Backpack Native\/Pods-Backpack Native.debug.xcconfig","isa":"PBXFileReference","includeInIndex":"1","name":"Pods-Backpack Native.debug.xcconfig","lastKnownFileType":"text.xcconfig","sourceTree":"<group>"},"D6D81D61213FEEB90013BB96":{"path":"BPKLabelSnapshotTest.m","isa":"PBXFileReference","lastKnownFileType":"sourcecode.c.objc","sourceTree":"<group>","fileEncoding":"4"},"D2B8A0192147FF49002290DE":{"path":"CollectionView Headers","isa":"PBXGroup","children":["D2B8A01A2147FF6A002290DE"],"sourceTree":"<group>"},"D6ECFFFC241A8056004225E8":{"isa":"PBXTargetDependency","target":"6003F589195388D20070C39A","targetProxy":"D6ECFFFB241A8056004225E8"},"6003F5C0195388D20070C39A":{"baseConfigurationReference":"0F386FFD6327F785FBB09093","isa":"XCBuildConfiguration","buildSettings":{"CLANG_WARN_DEPRECATED_OBJC_IMPLEMENTATIONS":"YES","EXCLUDED_ARCHS[sdk=iphonesimulator*]":"arm64","CLANG_WARN_OBJC_IMPLICIT_RETAIN_SELF":"YES","DEVELOPMENT_TEAM":"","CLANG_ENABLE_MODULES":"YES","CLANG_WARN_ASSIGN_ENUM":"YES","PRODUCT_BUNDLE_IDENTIFIER":"org.skyscanner.Backpack-Example","SWIFT_SWIFT3_OBJC_INFERENCE":"Default","GCC_PREFIX_HEADER":"Backpack\/Backpack-Prefix.pch","GCC_WARN_UNUSED_PARAMETER":"NO","MODULE_NAME":"ExampleApp","ASSETCATALOG_COMPILER_APPICON_NAME":"AppIcon","SWIFT_OPTIMIZATION_LEVEL":"-Onone","GCC_PRECOMPILE_PREFIX_HEADER":"YES","LD_RUNPATH_SEARCH_PATHS":"$(inherited) @executable_path\/Frameworks","SWIFT_VERSION":"5.0","PRODUCT_NAME":"Backpack-Native","IPHONEOS_DEPLOYMENT_TARGET":"12.0","GCC_TREAT_WARNINGS_AS_ERRORS":"YES","SWIFT_OBJC_BRIDGING_HEADER":"Backpack\/Backpack Native-Bridging-Header.h","GCC_WARN_SHADOW":"YES","GCC_WARN_UNUSED_LABEL":"YES","GCC_WARN_STRICT_SELECTOR_MATCH":"YES","WRAPPER_EXTENSION":"app","GCC_WARN_ABOUT_MISSING_NEWLINE":"YES","INFOPLIST_FILE":"Backpack\/Backpack-Info.plist"},"name":"Debug"},"D2475A07232B6A0B00DB9A3E":{"isa":"PBXBuildFile","fileRef":"D2475A05232B69BD00DB9A3E"},"D28784912250FCBD00353E32":{"path":"ThemeHelpers.swift","isa":"PBXFileReference","lastKnownFileType":"sourcecode.swift","sourceTree":"<group>","fileEncoding":"4"},"D2B6450B23A01CB7001001B8":{"path":"BPKTestFontDefinition.h","isa":"PBXFileReference","lastKnownFileType":"sourcecode.c.h","sourceTree":"<group>","fileEncoding":"4"},"6003F592195388D20070C39A":{"isa":"PBXBuildFile","fileRef":"6003F591195388D20070C39A"},"D6FC4CF5261F11F5000BA351":{"path":"LabelStory.swift","isa":"PBXFileReference","lastKnownFileType":"sourcecode.swift","sourceTree":"<group>"},"D6D81D5A213FEE800013BB96":{"inputPaths":[],"buildActionMask":"2147483647","shellPath":"\/bin\/sh","showEnvVarsInLog":"0","isa":"PBXShellScriptBuildPhase","runOnlyForDeploymentPostprocessing":"0","outputPaths":[],"shellScript":"\"${PODS_ROOT}\/Target Support Files\/Pods-Backpack_SnapshotTests\/Pods-Backpack_SnapshotTests-frameworks.sh\"\n","files":[],"name":"[CP] Embed Pods Frameworks"},"603658D625E3E1BD00A94126":{"path":"Stories","isa":"PBXGroup","children":["603658ED25E416D600A94126","603658F425E419AD00A94126","6036590225E41F4000A94126","603658D725E3E1CF00A94126","60AF37C825E54B1000825050","6036590925E4200000A94126","603658FB25E41EAA00A94126","D248159C260F79B100BCE6AD","D6FC4CCA261F0713000BA351","D6FC4CD6261F0BE7000BA351","D6FC4CF5261F11F5000BA351","D6FC4DDB2620A826000BA351","D60B2457262F256600A9AA32"],"sourceTree":"<group>"},"6048F77D2028BCE000C53A8B":{"isa":"PBXBuildFile","fileRef":"6048F77C2028BCE000C53A8B"},"D61ACE052306E238001C976E":{"isa":"PBXBuildFile","fileRef":"D61ACE042306E238001C976E"},"D254D3BA236B12AB0000ADA6":{"isa":"PBXBuildFile","fileRef":"D257C765236AE319006683F5"},"603658ED25E416D600A94126":{"path":"ButtonStory.swift","isa":"PBXFileReference","lastKnownFileType":"sourcecode.swift","sourceTree":"<group>"},"D2DACAEC25A75EDF0004BE39":{"path":"ExampleApp","isa":"PBXGroup","children":["D2DACAED25A75F0C0004BE39"],"sourceTree":"<group>"},"D20470422347878A00A1BE48":{"path":"BPKExampleAppTitleAttributes.h","isa":"PBXFileReference","lastKnownFileType":"sourcecode.c.h","sourceTree":"<group>","fileEncoding":"4"},"D6FA3DB3224E220D00CFA094":{"path":"UIWindow+Utility.swift","isa":"PBXFileReference","lastKnownFileType":"sourcecode.swift","sourceTree":"<group>"},"D6391602202CAF07006E8329":{"isa":"PBXBuildFile","fileRef":"D6391601202CAF07006E8329"},"D696CA23215CC1DB00682666":{"isa":"PBXBuildFile","fileRef":"D696CA21215CC1BD00682666"},"E397BEA622F5FFDD00C8EC04":{"isa":"PBXBuildFile","fileRef":"E397BEA522F5FFDD00C8EC04"},"D6517B45216DF5F800D85FF9":{"isa":"PBXTargetDependency","target":"6003F589195388D20070C39A","targetProxy":"D6517B44216DF5F800D85FF9"},"E397BEA022F5F56100C8EC04":{"path":"Bottom Sheet","isa":"PBXGroup","children":["E397BEA322F5FCE500C8EC04","E38E82EB24165A40004273E9","E35EA59524212F9900373CE4","E397BEA122F5F59000C8EC04","E38947D322F5F0E900A357DB","8071379B25AF7974009869D1"],"sourceTree":"<group>"},"D2B70FA42434EB350026282A":{"isa":"PBXBuildFile","fileRef":"D2B70FA32434EB350026282A"},"D6D81D62213FEEB90013BB96":{"path":"BPKBadgeSnapshotTest.m","isa":"PBXFileReference","lastKnownFileType":"sourcecode.c.objc","sourceTree":"<group>","fileEncoding":"4"},"60CE0F9A2189FC5000309211":{"path":"Switches.storyboard","isa":"PBXFileReference","lastKnownFileType":"file.storyboard","sourceTree":"<group>"},"D28784922250FCBD00353E32":{"isa":"PBXBuildFile","fileRef":"D28784902250FCBD00353E32"},"D6FC4CF6261F11F5000BA351":{"isa":"PBXBuildFile","fileRef":"D6FC4CF5261F11F5000BA351"},"D6CE74F22124230000154D92":{"isa":"PBXBuildFile","fileRef":"D6CE74F12124230000154D92"},"3AA018EE215BE26500838FBB":{"path":"SpinnersViewController.swift","isa":"PBXFileReference","lastKnownFileType":"sourcecode.swift","sourceTree":"<group>"},"D21FA97A22EA370500FD866D":{"isa":"PBXBuildFile","fileRef":"D21FA97822EA370100FD866D"},"D6907039215A39D30088C97B":{"path":"Labels.storyboard","isa":"PBXFileReference","lastKnownFileType":"file.storyboard","sourceTree":"<group>"},"D696CA20215CC09400682666":{"isa":"PBXBuildFile","fileRef":"D696CA1F215CC09400682666"},"D6FA3DB4224E220D00CFA094":{"isa":"PBXBuildFile","fileRef":"D6FA3DB3224E220D00CFA094"},"6003F590195388D20070C39A":{"isa":"PBXBuildFile","fileRef":"6003F58F195388D20070C39A"},"D2161D522146B8F40097D0B1":{"isa":"PBXBuildFile","fileRef":"D2161D512146B8F40097D0B1"},"D24D602A22F84CEC002847D1":{"path":"TextField.storyboard","isa":"PBXFileReference","lastKnownFileType":"file.storyboard","sourceTree":"<group>","fileEncoding":"4"},"D2CCB828243F538400788DEC":{"isa":"PBXBuildFile","fileRef":"D2CCB827243F538400788DEC"},"D27E88402199A5D000C962BF":{"isa":"PBXBuildFile","fileRef":"D27E883F2199A5D000C962BF"},"6048F77B2028BCE000C53A8B":{"path":"BPKRadiiViewController.h","isa":"PBXFileReference","lastKnownFileType":"sourcecode.c.h","sourceTree":"<group>"},"D297B8F923B90379008D094A":{"isa":"PBXTargetDependency","target":"6003F589195388D20070C39A","targetProxy":"D297B8F823B90379008D094A"},"D26E5A0B25A787060064D9F1":{"isa":"PBXBuildFile","fileRef":"D26E5A0925A787060064D9F1"},"D2B4FC3E2538A87600070BEC":{"path":"OverlayView.storyboard","isa":"PBXFileReference","lastKnownFileType":"file.storyboard","sourceTree":"<group>","fileEncoding":"4"},"D2161D502146B8D50097D0B1":{"path":"CollectionView Cells","isa":"PBXGroup","children":["D27E883F2199A5D000C962BF","D2161D512146B8F40097D0B1","6055821821523FAD00BF9F3E"],"sourceTree":"<group>"},"D6517B43216DF5F800D85FF9":{"path":"Info.plist","isa":"PBXFileReference","lastKnownFileType":"text.plist.xml","sourceTree":"<group>"},"D6D1649F2153934500FFB667":{"path":"Buttons.storyboard","isa":"PBXFileReference","lastKnownFileType":"file.storyboard","sourceTree":"<group>"},"3DDD5D1DB6A77816BAA9481F":{"path":"Pods\/Target Support Files\/Pods-Backpack-Native\/Pods-Backpack-Native.release.xcconfig","isa":"PBXFileReference","includeInIndex":"1","name":"Pods-Backpack-Native.release.xcconfig","lastKnownFileType":"text.xcconfig","sourceTree":"<group>"},"D6D81D59213FEE800013BB96":{"isa":"PBXBuildFile","fileRef":"6003F5B8195388D20070C39A"},"D6ECFFFB241A8056004225E8":{"isa":"PBXContainerItemProxy","containerPortal":"6003F582195388D10070C39A","remoteGlobalIDString":"6003F589195388D20070C39A","remoteInfo":"Backpack-Native","proxyType":"1"},"D6D81D60213FEEB90013BB96":{"path":"SnapshotTests","isa":"PBXGroup","children":["D6D81D62213FEEB90013BB96","D2CCB82F243FB36F00788DEC","D28588B124586D2A005DE2E0","D690703721590F0A0088C97B","D6CD7F0521BEC8570030FAD7","D6CD7F0721BFF8210030FAD7","D246C1F521665056001CB366","D29349C12199C9190099D2EC","D6ECFDC0216D06F50093F22A","D2BE85142305E2540055BD7D","D643B6D72142BEA6008AB669","D216C20C22E9749200045A9E","D6D494B2214FF3CA0095F9CF","D6B7C244220C916C00671624","D6D81D61213FEEB90013BB96","D26017DD25C83A8800FAB768","D27055B825C9CCA800EB9F66","76AB13D42316907E00B47887","D217FE6C26281FA40095F1B3","D21AF44C2539EA8600C8ED04","D6D81D63213FEEB90013BB96","D68A296B2277242000CCB674","D21FA97822EA370100FD866D","D2475A05232B69BD00DB9A3E","764D003D2382D12E00FE60AC","D269975323526E57006138D2","3AA018F0215BE73700838FBB","589FD45222DDFFB500F252E9","600E2ACE218B119000E959B3","D270C05D243B468A0036A040","D295701422C34C9D00797F47","76E345392360F4D400B5CEA5","76E345382360F4D400B5CEA5","760E41E1232A9BDC00A0CE8D","D6B8D3B621417FFD00B0BFAB"],"sourceTree":"<group>"},"603658D825E3E1CF00A94126":{"isa":"PBXBuildFile","fileRef":"603658D725E3E1CF00A94126"},"D2B4FC472538A88900070BEC":{"isa":"PBXBuildFile","fileRef":"D2B4FC452538A88800070BEC"},"D28784902250FCBD00353E32":{"path":"Settings.swift","isa":"PBXFileReference","lastKnownFileType":"sourcecode.swift","sourceTree":"<group>","fileEncoding":"4"},"D6517B40216DF5F800D85FF9":{"path":"Backpack NativeUITests","isa":"PBXGroup","children":["D6517B49216DF63600D85FF9","D686A73924128DA3000EDCCC","E359366B240FFE680046FD4C","D28B3610219C209000E82A79","D6517B4A216DF63700D85FF9","D216C21222E974B100045A9E","D6517B43216DF5F800D85FF9","D257C768236AE3FB006683F5","D257C767236AE3FB006683F5","760E41E4232BD50700A0CE8D"],"sourceTree":"<group>"},"D257C76B236AE402006683F5":{"path":"BPKTappableLinkLabelTest.m","isa":"PBXFileReference","lastKnownFileType":"sourcecode.c.objc","sourceTree":"<group>","fileEncoding":"4"},"D282E867259E04F4000AD77E":{"isa":"PBXBuildFile","fileRef":"D282E865259E04F3000AD77E"},"764D003B237DE51000FE60AC":{"path":"SnackbarViewController.swift","isa":"PBXFileReference","lastKnownFileType":"sourcecode.swift","sourceTree":"<group>"},"D24D602B22F84CEC002847D1":{"isa":"PBXBuildFile","fileRef":"D24D602A22F84CEC002847D1"},"D698E64F219C528100D03060":{"isa":"PBXBuildFile","fileRef":"D698E64E219C528100D03060"},"D6517B49216DF63600D85FF9":{"path":"Backpack NativeUITests-Bridging-Header.h","isa":"PBXFileReference","lastKnownFileType":"sourcecode.c.h","sourceTree":"<group>"},"76E3453A2360F4D400B5CEA5":{"isa":"PBXBuildFile","fileRef":"76E345382360F4D400B5CEA5"},"D61ACE042306E238001C976E":{"path":"NavigationBarViewController.swift","isa":"PBXFileReference","lastKnownFileType":"sourcecode.swift","sourceTree":"<group>"},"D242176E252F6B5F00F449E4":{"isa":"PBXBuildFile","fileRef":"D242176D252F6B5E00F449E4"},"D26E5A0C25A787060064D9F1":{"isa":"PBXBuildFile","fileRef":"D26E5A0A25A787060064D9F1"},"D2BE85162305E2910055BD7D":{"isa":"PBXBuildFile","fileRef":"D2BE85142305E2540055BD7D"},"D248159C260F79B100BCE6AD":{"path":"MapStory.swift","isa":"PBXFileReference","lastKnownFileType":"sourcecode.swift","sourceTree":"<group>","fileEncoding":"4"},"E397BEA522F5FFDD00C8EC04":{"path":"Storyboards.swift","isa":"PBXFileReference","lastKnownFileType":"sourcecode.swift","sourceTree":"<group>"},"D6D81D45213FEE800013BB96":{"inputPaths":["${PODS_PODFILE_DIR_PATH}\/Podfile.lock","${PODS_ROOT}\/Manifest.lock"],"buildActionMask":"2147483647","shellPath":"\/bin\/sh","showEnvVarsInLog":"0","isa":"PBXShellScriptBuildPhase","runOnlyForDeploymentPostprocessing":"0","outputPaths":["$(DERIVED_FILE_DIR)\/Pods-Backpack_SnapshotTests-checkManifestLockResult.txt"],"shellScript":"diff \"${PODS_PODFILE_DIR_PATH}\/Podfile.lock\" \"${PODS_ROOT}\/Manifest.lock\" > \/dev\/null\nif [ $? != 0 ] ; then\n    # print error to STDERR\n    echo \"error: The sandbox is not in sync with the Podfile.lock. Run 'pod install' or update your CocoaPods installation.\" >&2\n    exit 1\nfi\n# This output is used by Xcode 'outputs' to avoid re-running this script phase.\necho \"SUCCESS\" > \"${SCRIPT_OUTPUT_FILE_0}\"\n","files":[],"name":"[CP] Check Pods Manifest.lock"},"006034DBB76C671434F6252A":{"isa":"PBXBuildFile","fileRef":"EDBC7CA36756032862B5D581"},"D297B8F723B90379008D094A":{"path":"Info.plist","isa":"PBXFileReference","lastKnownFileType":"text.plist.xml","sourceTree":"<group>"},"D2EB964B25C05DF600988978":{"path":"MapViewController.swift","isa":"PBXFileReference","lastKnownFileType":"sourcecode.swift","sourceTree":"<group>","fileEncoding":"4"},"7639E567232909C7004D7B09":{"isa":"PBXBuildFile","fileRef":"7639E566232909C7004D7B09"},"60127A712021B6BC00703622":{"path":"BPKSpacingTest.m","isa":"PBXFileReference","lastKnownFileType":"sourcecode.c.objc","sourceTree":"<group>"},"D2B4FC482538A88900070BEC":{"isa":"PBXBuildFile","fileRef":"D2B4FC462538A88900070BEC"},"D204703F2347875900A1BE48":{"path":"BPKExampleAppTitleAttributes.m","isa":"PBXFileReference","lastKnownFileType":"sourcecode.c.objc","sourceTree":"<group>"},"D278358C22EA2A81004C79CF":{"path":"ProgressBar.storyboard","isa":"PBXFileReference","lastKnownFileType":"file.storyboard","sourceTree":"<group>","fileEncoding":"4"},"764D003C237DE51000FE60AC":{"isa":"PBXBuildFile","fileRef":"764D003B237DE51000FE60AC"},"D257C76C236AE402006683F5":{"path":"BPKTextFieldTest.m","isa":"PBXFileReference","lastKnownFileType":"sourcecode.c.objc","sourceTree":"<group>","fileEncoding":"4"},"D257C769236AE3FB006683F5":{"isa":"PBXBuildFile","fileRef":"D257C767236AE3FB006683F5"},"D6CE74F12124230000154D92":{"path":"BPKPanelTest.m","isa":"PBXFileReference","lastKnownFileType":"sourcecode.c.objc","sourceTree":"<group>"},"76E3453B2360F4D400B5CEA5":{"isa":"PBXBuildFile","fileRef":"76E345392360F4D400B5CEA5"},"D219C1E02163918B00C9968D":{"isa":"PBXBuildFile","fileRef":"D219C1DF2163918B00C9968D"},"D21AF45D2539EB2C00C8ED04":{"isa":"PBXBuildFile","fileRef":"D21AF44C2539EA8600C8ED04"},"D2C4466F23158479009E58A5":{"path":"Panel.storyboard","isa":"PBXFileReference","lastKnownFileType":"file.storyboard","sourceTree":"<group>"},"D28443EB22FC42A30066F88B":{"isa":"PBXBuildFile","fileRef":"D28443E922FC42A30066F88B"},"7AF4BFD91A5D1EA30FE75098":{"path":"Pods\/Target Support Files\/Pods-Backpack_SnapshotTests\/Pods-Backpack_SnapshotTests.release.xcconfig","isa":"PBXFileReference","includeInIndex":"1","name":"Pods-Backpack_SnapshotTests.release.xcconfig","lastKnownFileType":"text.xcconfig","sourceTree":"<group>"},"D297B8F423B90379008D094A":{"path":"Backpack Screenshot","isa":"PBXGroup","children":["D297B8F723B90379008D094A","D28D0E8123B2183D008B4C09","D28D0E8323B21BE4008B4C09"],"sourceTree":"<group>"},"589FD45222DDFFB500F252E9":{"path":"BPKStarRatingSnapshotTest.m","isa":"PBXFileReference","lastKnownFileType":"sourcecode.c.objc","sourceTree":"<group>"},"D2161D512146B8F40097D0B1":{"path":"ColorPreviewCollectionViewCell.swift","isa":"PBXFileReference","lastKnownFileType":"sourcecode.swift","sourceTree":"<group>"},"E35EA59524212F9900373CE4":{"path":"BottomSheetResizableContentViewController.swift","isa":"PBXFileReference","lastKnownFileType":"sourcecode.swift","sourceTree":"<group>"},"D2CCB827243F538400788DEC":{"path":"BarCharts.storyboard","isa":"PBXFileReference","lastKnownFileType":"file.storyboard","sourceTree":"<group>","fileEncoding":"4"},"D248159D260F79B100BCE6AD":{"isa":"PBXBuildFile","fileRef":"D248159C260F79B100BCE6AD"},"D29F9C47221B1B3200773A6D":{"path":"Utils","isa":"PBXGroup","children":["D20470422347878A00A1BE48","D204703F2347875900A1BE48","D28784902250FCBD00353E32","E397BEA522F5FFDD00C8EC04","D28784912250FCBD00353E32","D263EA8B22B7B5D400569757","D686A73B241292F3000EDCCC"],"sourceTree":"<group>"},"D6D81D46213FEE800013BB96":{"isa":"PBXSourcesBuildPhase","buildActionMask":"2147483647","files":["D21FA97A22EA370500FD866D","3AA018F2215BEA2D00838FBB","D216C20E22E9749700045A9E","D26017EF25C83C9D00FAB768","D270C05F243B47810036A040","D217FE7D2628208C0095F1B3","D2BE85162305E2910055BD7D","764D003E2382D12E00FE60AC","D6A15060213FEEF000AAF968","D690703821590F0A0088C97B","D6B7C246220C917100671624","D21AF45D2539EB2C00C8ED04","D6A1505E213FEEF000AAF968","589FD45322DDFFB500F252E9","D295701622C34EC300797F47","D27055C425C9CD5C00EB9F66","D28588B324586D33005DE2E0","76AB13D6231690BA00B47887","D6ECFDC1216D06F50093F22A","600E2AD0218B119000E959B3","D6D494B3214FF3CA0095F9CF","D29349C22199C9190099D2EC","D6A1505F213FEEF000AAF968","D2475A07232B6A0B00DB9A3E","76E3453A2360F4D400B5CEA5","D643B6D92142BEAA008AB669","76E3453B2360F4D400B5CEA5","760E41E2232A9BDC00A0CE8D","D246C1F621665056001CB366","D2CCB831243FB3AC00788DEC","D6CD7F0821BFF8210030FAD7","D6CD7F0621BEC8570030FAD7","D68A296C2277242000CCB674"],"runOnlyForDeploymentPostprocessing":"0"},"D297B8F823B90379008D094A":{"isa":"PBXContainerItemProxy","containerPortal":"6003F582195388D10070C39A","remoteGlobalIDString":"6003F589195388D20070C39A","remoteInfo":"Backpack Native","proxyType":"1"},"D643B6DE2142C36C008AB669":{"isa":"PBXBuildFile","fileRef":"D643B6DD2142C36C008AB669"},"D2EB964C25C05DF600988978":{"isa":"PBXBuildFile","fileRef":"D2EB964B25C05DF600988978"},"6003F5AD195388D20070C39A":{"buildConfigurationList":"6003F5C2195388D20070C39A","productReference":"6003F5AE195388D20070C39A","productType":"com.apple.product-type.bundle.unit-test","productName":"BackpackTests","isa":"PBXNativeTarget","buildPhases":["782479CD323E255D5E06A104","6003F5AA195388D20070C39A","6003F5AB195388D20070C39A","6003F5AC195388D20070C39A","30FB0940CA92E2B9AD80DDBC"],"dependencies":["D6ECFFFC241A8056004225E8"],"name":"Backpack_Tests","buildRules":[]},"D6FC4E582625DBF6000BA351":{"isa":"PBXBuildFile","fileRef":"D6FC4E572625DBF6000BA351"},"D71748A6B9AA3B05B9A0CDEB":{"path":"Pods_Backpack_Example.framework","isa":"PBXFileReference","includeInIndex":"0","explicitFileType":"wrapper.framework","sourceTree":"BUILT_PRODUCTS_DIR"},"D26E5A0A25A787060064D9F1":{"path":"BPKNavigationViewController.swift","isa":"PBXFileReference","lastKnownFileType":"sourcecode.swift","sourceTree":"<group>","fileEncoding":"4"},"60127A722021B6BC00703622":{"isa":"PBXBuildFile","fileRef":"60127A712021B6BC00703622"},"D6D81D43213FEE800013BB96":{"isa":"PBXTargetDependency","target":"6003F589195388D20070C39A","targetProxy":"D6D81D44213FEE800013BB96"},"D278358D22EA2A81004C79CF":{"isa":"PBXBuildFile","fileRef":"D278358C22EA2A81004C79CF"},"D6D494B3214FF3CA0095F9CF":{"isa":"PBXBuildFile","fileRef":"D6D494B2214FF3CA0095F9CF"},"D6D81D58213FEE800013BB96":{"isa":"PBXResourcesBuildPhase","buildActionMask":"2147483647","files":["D6D81D59213FEE800013BB96"],"runOnlyForDeploymentPostprocessing":"0"},"603658CF25E3E15D00A94126":{"path":"Story.swift","isa":"PBXFileReference","lastKnownFileType":"sourcecode.swift","sourceTree":"<group>"},"603658D725E3E1CF00A94126":{"path":"ChipStory.swift","isa":"PBXFileReference","lastKnownFileType":"sourcecode.swift","sourceTree":"<group>"},"D2B4FC462538A88900070BEC":{"path":"OverlayViewsViewController.swift","isa":"PBXFileReference","lastKnownFileType":"sourcecode.swift","sourceTree":"<group>","fileEncoding":"4"},"E35EA59624212F9900373CE4":{"isa":"PBXBuildFile","fileRef":"E35EA59524212F9900373CE4"},"589FD45322DDFFB500F252E9":{"isa":"PBXBuildFile","fileRef":"589FD45222DDFFB500F252E9"},"D261F26822C0E52300A4A476":{"isa":"PBXBuildFile","fileRef":"D261F26722C0E52300A4A476"},"D297B8F223B90379008D094A":{"buildConfigurationList":"D297B8FC23B90379008D094A","productReference":"D297B8F323B90379008D094A","productType":"com.apple.product-type.bundle.ui-testing","productName":"Backpack Screenshot","isa":"PBXNativeTarget","buildPhases":["D297B8EF23B90379008D094A","D297B8F023B90379008D094A","D297B8F123B90379008D094A"],"dependencies":["D297B8F923B90379008D094A"],"name":"Backpack Screenshot","buildRules":[]},"D257C767236AE3FB006683F5":{"path":"TextViewUITest.swift","isa":"PBXFileReference","lastKnownFileType":"sourcecode.swift","sourceTree":"<group>","fileEncoding":"4"},"D698E64E219C528100D03060":{"path":"CalendarViewController.swift","isa":"PBXFileReference","lastKnownFileType":"sourcecode.swift","sourceTree":"<group>","fileEncoding":"4"},"D24B548E22EA3E1D00ECD829":{"path":"ProgressBarViewController.swift","isa":"PBXFileReference","lastKnownFileType":"sourcecode.swift","sourceTree":"<group>","fileEncoding":"4"},"D6D81D55213FEE800013BB96":{"isa":"PBXBuildFile","fileRef":"6003F591195388D20070C39A"},"6003F5AE195388D20070C39A":{"path":"Backpack_Tests.xctest","isa":"PBXFileReference","includeInIndex":"0","explicitFileType":"wrapper.cfbundle","sourceTree":"BUILT_PRODUCTS_DIR"},"D2FF309021903B2500E06F96":{"isa":"PBXBuildFile","fileRef":"D2FF308F21903B2500E06F96"},"06AB808CC1CF0A6BEDDBDCE3":{"inputPaths":["${PODS_PODFILE_DIR_PATH}\/Podfile.lock","${PODS_ROOT}\/Manifest.lock"],"buildActionMask":"2147483647","shellPath":"\/bin\/sh","showEnvVarsInLog":"0","isa":"PBXShellScriptBuildPhase","runOnlyForDeploymentPostprocessing":"0","outputPaths":["$(DERIVED_FILE_DIR)\/Pods-Backpack-Native-checkManifestLockResult.txt"],"shellScript":"diff \"${PODS_PODFILE_DIR_PATH}\/Podfile.lock\" \"${PODS_ROOT}\/Manifest.lock\" > \/dev\/null\nif [ $? != 0 ] ; then\n    # print error to STDERR\n    echo \"error: The sandbox is not in sync with the Podfile.lock. Run 'pod install' or update your CocoaPods installation.\" >&2\n    exit 1\nfi\n# This output is used by Xcode 'outputs' to avoid re-running this script phase.\necho \"SUCCESS\" > \"${SCRIPT_OUTPUT_FILE_0}\"\n","files":[],"name":"[CP] Check Pods Manifest.lock"},"D24A31D5219B147A009B75E4":{"isa":"PBXBuildFile","fileRef":"D24A31D4219B147A009B75E4"}},"rootObject":"6003F582195388D10070C39A"}