PODS:
  - AppCenter (4.2.0):
    - AppCenter/Analytics (= 4.2.0)
    - AppCenter/Crashes (= 4.2.0)
  - AppCenter/Analytics (4.2.0):
    - AppCenter/Core
  - AppCenter/Core (4.2.0)
  - AppCenter/Crashes (4.2.0):
    - AppCenter/Core
  - AppCenter/Distribute (4.2.0):
    - AppCenter/Core
  - Backpack (1.0):
    - Backpack-Common
    - FloatingPanel (= 2.5.3)
    - FSCalendar (~> 2.8.2)
    - MBProgressHUD (~> 1.2.0)
    - TTTAttributedLabel (~> 2.0.0)
  - Backpack-Common (1.0)
  - Backpack-Fonts (0.0.1)
  - Backpack-SwiftUI (1.0):
    - Backpack-Common
  - Backpack-SwiftUI/Tests (1.0):
    - Backpack-Common
    - SnapshotTesting (~> 1.9.0)
  - Backpack/SnapshotTests (1.0):
    - Backpack-Common
    - FloatingPanel (= 2.5.3)
    - FSCalendar (~> 2.8.2)
    - iOSSnapshotTestCase (~> 6.2.0)
    - MBProgressHUD (~> 1.2.0)
    - SnapshotTesting (~> 1.9.0)
    - TTTAttributedLabel (~> 2.0.0)
  - Backpack/UnitTests (1.0):
    - Backpack-Common
    - FloatingPanel (= 2.5.3)
    - FSCalendar (~> 2.8.2)
    - MBProgressHUD (~> 1.2.0)
    - OCMock (~> 3.8.1)
    - TTTAttributedLabel (~> 2.0.0)
  - FloatingPanel (2.5.3)
  - FSCalendar (2.8.4)
  - iOSSnapshotTestCase (6.2.0):
    - iOSSnapshotTestCase/SwiftSupport (= 6.2.0)
  - iOSSnapshotTestCase/Core (6.2.0)
  - iOSSnapshotTestCase/SwiftSupport (6.2.0):
    - iOSSnapshotTestCase/Core
  - MBProgressHUD (1.2.0)
  - OCMock (3.8.1)
  - SnapshotTesting (1.9.0)
  - SwiftLint (0.43.1)
  - TTTAttributedLabel (2.0.0)

DEPENDENCIES:
  - AppCenter (~> 4.2.0)
  - AppCenter/Distribute (~> 4.2.0)
  - Backpack (from `../`)
  - Backpack-Common (from `../`)
  - Backpack-Fonts (from `../Backpack-Fonts`)
  - Backpack-SwiftUI (from `../`)
  - Backpack-SwiftUI/Tests (from `../`)
  - Backpack/SnapshotTests (from `../`)
  - Backpack/UnitTests (from `../`)
  - SwiftLint (~> 0.43.1)

SPEC REPOS:
  trunk:
    - AppCenter
    - FloatingPanel
    - FSCalendar
    - iOSSnapshotTestCase
    - MBProgressHUD
    - OCMock
    - SnapshotTesting
    - SwiftLint
    - TTTAttributedLabel

EXTERNAL SOURCES:
  Backpack:
    :path: "../"
  Backpack-Common:
    :path: "../"
  Backpack-Fonts:
    :path: "../Backpack-Fonts"
  Backpack-SwiftUI:
    :path: "../"

SPEC CHECKSUMS:
  AppCenter: 87ef6eefd8ade4df59e88951288587429f3dd2a5
  Backpack: 63abc02827fc9d60ff220828235a44a4c715a842
  Backpack-Common: cdd325d7f97b6d83e9e25ee25557f3173fa2a0ba
  Backpack-Fonts: 89f9d18aeeb0f6fb026e301261d3af3ee6a8ec6d
  Backpack-SwiftUI: 3b3fffa24593c763cc9d06ee28587a6690236bc9
  FloatingPanel: 3cee815e9ded75b632543fa73ab655a1ef941452
  FSCalendar: 2d1d0d9398f12d439f55c1fe0f01525b151b8260
  iOSSnapshotTestCase: 9ab44cb5aa62b84d31847f40680112e15ec579a6
  MBProgressHUD: 3ee5efcc380f6a79a7cc9b363dd669c5e1ae7406
  OCMock: 29f6e52085b4e7d9b075cbf03ed7c3112f82f934
  SnapshotTesting: 6141c48b6aa76ead61431ca665c14ab9a066c53b
  SwiftLint: 99f82d07b837b942dd563c668de129a03fc3fb52
  TTTAttributedLabel: 8cffe8e127e4e82ff3af1e5386d4cd0ad000b656

PODFILE CHECKSUM: f61aa91a0e8885bdd7bca9f26213a1802300f820

COCOAPODS: 1.11.3
