PODS:
  - Backpack (1.0):
    - Backpack-Common
    - FloatingPanel (= 2.8.6)
  - Backpack-Common (1.0)
  - Backpack-Common/Tests (1.0)
  - Backpack-Fonts (0.0.1)
  - Backpack-SwiftUI (1.0):
    - Backpack-Common
  - Backpack-SwiftUI/Tests (1.0):
    - Backpack-Common
    - SnapshotTesting (~> 1.9.0)
  - Backpack/SnapshotTests (1.0):
    - Backpack-Common
    - FloatingPanel (= 2.8.6)
    - SnapshotTesting (~> 1.9.0)
  - Backpack/UnitTests (1.0):
    - Backpack-Common
    - FloatingPanel (= 2.8.6)
    - OCMock (~> 3.8.1)
  - FloatingPanel (2.8.6)
  - OCMock (3.8.1)
  - SnapshotTesting (1.9.0)
  - SwiftLint (0.43.1)

DEPENDENCIES:
  - Backpack (from `../`)
  - Backpack-Common (from `../`)
  - Backpack-Common/Tests (from `../`)
  - Backpack-Fonts (from `../Backpack-Fonts`)
  - Backpack-SwiftUI (from `../`)
  - Backpack-SwiftUI/Tests (from `../`)
  - Backpack/SnapshotTests (from `../`)
  - Backpack/UnitTests (from `../`)
  - SwiftLint (~> 0.43.1)

SPEC REPOS:
  trunk:
    - FloatingPanel
    - OCMock
    - SnapshotTesting
    - SwiftLint

EXTERNAL SOURCES:
  Backpack:
    :path: "../"
  Backpack-Common:
    :path: "../"
  Backpack-Fonts:
    :path: "../Backpack-Fonts"
  Backpack-SwiftUI:
    :path: "../"

SPEC CHECKSUMS:
  Backpack: 7d40cc1868e17594ff411ea44f4bd9d6cc7edf79
  Backpack-Common: 9a47d236de2f7fea7366f7a893423b8375ee7a39
  Backpack-Fonts: 8d10ac600d738cb7ae6e49fee969800c2db51f6b
  Backpack-SwiftUI: 620fc8c1a2627d05dfca4d844a71527b5ce91f6f
  FloatingPanel: 11559d3700c39f1c2ee8dbb7a5415223b52fdce0
  OCMock: 29f6e52085b4e7d9b075cbf03ed7c3112f82f934
  SnapshotTesting: 6141c48b6aa76ead61431ca665c14ab9a066c53b
  SwiftLint: 99f82d07b837b942dd563c668de129a03fc3fb52

PODFILE CHECKSUM: ce1ed5d2d7a80a7517dac9d0bb8d6822dc6d16c7

COCOAPODS: 1.16.2
