PODS:
  - Backpack (2.3.0):
    - Backpack/Badge (= 2.3.0)
    - Backpack/Button (= 2.3.0)
    - Backpack/Calendar (= 2.3.0)
    - Backpack/Card (= 2.3.0)
    - Backpack/Chip (= 2.3.0)
    - Backpack/Color (= 2.3.0)
    - Backpack/Dialog (= 2.3.0)
    - Backpack/Font (= 2.3.0)
    - Backpack/Gradient (= 2.3.0)
    - Backpack/Icon (= 2.3.0)
    - Backpack/Label (= 2.3.0)
    - Backpack/Panel (= 2.3.0)
    - Backpack/Radii (= 2.3.0)
    - Backpack/RTLSupport (= 2.3.0)
    - Backpack/Shadow (= 2.3.0)
    - Backpack/Spacing (= 2.3.0)
    - Backpack/Spinner (= 2.3.0)
    - Backpack/Switch (= 2.3.0)
    - Backpack/TextView (= 2.3.0)
  - Backpack/Badge (2.3.0):
    - Backpack/Color
    - Backpack/Label
    - Backpack/Radii
    - Backpack/Spacing
  - Backpack/Button (2.3.0):
    - Backpack/Color
    - Backpack/Font
    - Backpack/Gradient
    - Backpack/Label
    - Backpack/RTLSupport
    - Backpack/Spacing
  - Backpack/Calendar (2.3.0):
    - Backpack/Color
    - Backpack/Radii
    - Backpack/Shadow
    - Backpack/Spacing
  - Backpack/Card (2.3.0):
    - Backpack/Color
    - Backpack/Radii
    - Backpack/Shadow
    - Backpack/Spacing
  - Backpack/Chip (2.3.0):
    - Backpack/Color
    - Backpack/Label
    - Backpack/Shadow
    - Backpack/Spacing
  - Backpack/Color (2.3.0)
  - Backpack/Dialog (2.3.0):
    - Backpack/Button
    - Backpack/Color
    - Backpack/Label
    - Backpack/Radii
    - Backpack/Shadow
    - Backpack/Spacing
  - Backpack/Font (2.3.0):
    - Backpack/Color
  - Backpack/Gradient (2.3.0):
    - Backpack/Color
  - Backpack/Icon (2.3.0)
  - Backpack/Label (2.3.0):
    - Backpack/Color
    - Backpack/Font
  - Backpack/Panel (2.3.0):
    - Backpack/Color
    - Backpack/Radii
    - Backpack/Spacing
  - Backpack/Radii (2.3.0)
  - Backpack/RTLSupport (2.3.0)
  - Backpack/Shadow (2.3.0)
  - Backpack/Spacing (2.3.0)
  - Backpack/Spinner (2.3.0):
    - Backpack/Color
  - Backpack/Switch (2.3.0):
    - Backpack/Color
  - Backpack/TextView (2.3.0):
    - Backpack/Color
    - Backpack/Font
  - iOSSnapshotTestCase/Core (3.0.0)
  - SwiftLint (0.27.0)

DEPENDENCIES:
  - Backpack (from `../`)
  - iOSSnapshotTestCase/Core
  - SwiftLint (~> 0.27.0)

SPEC REPOS:
  https://github.com/cocoapods/specs.git:
    - iOSSnapshotTestCase
    - SwiftLint

EXTERNAL SOURCES:
  Backpack:
    :path: "../"

SPEC CHECKSUMS:
  Backpack: 8f847b50c64a87aa64437fd030d34b1e2f98c3ba
  iOSSnapshotTestCase: 23984ffe05289728d646cbb6a7a10b4fb1c93440
  SwiftLint: 3207c1faa2240bf8973b191820a116113cd11073

PODFILE CHECKSUM: 9dbb9f6c7f18cc17244aa33cedb8a0368f782f13

COCOAPODS: 1.5.3
